
Microsoft Visual Studio Solution File, Format Version 12.00
# Visual Studio Version 17
VisualStudioVersion = 17.12.35506.116 d17.12
MinimumVisualStudioVersion = 10.0.40219.1
Project("{8BC9CEB8-8B4A-11D0-8D11-00A0C91BC942}") = "LG17_Q1", "LG17_Q1\LG17_Q1.vcxproj", "{E26DA208-1528-4D34-ABAE-B0589D373A10}"
EndProject
Project("{8BC9CEB8-8B4A-11D0-8D11-00A0C91BC942}") = "LG17_Q2", "LG17_Q2\LG17_Q2.vcxproj", "{19477FDB-1B61-4A5E-8893-69E06B047143}"
EndProject
Project("{8BC9CEB8-8B4A-11D0-8D11-00A0C91BC942}") = "LG17_Q3", "LG17_Q3\LG17_Q3.vcxproj", "{63DC0262-64C1-44F5-BDFC-E43DC9341DA8}"
EndProject
Project("{8BC9CEB8-8B4A-11D0-8D11-00A0C91BC942}") = "LG17_AQ1", "LG17_AQ1\LG17_AQ1.vcxproj", "{5775841C-0783-4BFB-A5D6-4735CB8206D2}"
EndProject
Project("{8BC9CEB8-8B4A-11D0-8D11-00A0C91BC942}") = "LG17_AQ2", "LG17_AQ2\LG17_AQ2.vcxproj", "{BDC54CA5-2495-4159-8371-5918D719CE04}"
EndProject
Global
	GlobalSection(SolutionConfigurationPlatforms) = preSolution
		Debug|x64 = Debug|x64
		Debug|x86 = Debug|x86
		Release|x64 = Release|x64
		Release|x86 = Release|x86
	EndGlobalSection
	GlobalSection(ProjectConfigurationPlatforms) = postSolution
		{E26DA208-1528-4D34-ABAE-B0589D373A10}.Debug|x64.ActiveCfg = Debug|x64
		{E26DA208-1528-4D34-ABAE-B0589D373A10}.Debug|x64.Build.0 = Debug|x64
		{E26DA208-1528-4D34-ABAE-B0589D373A10}.Debug|x86.ActiveCfg = Debug|Win32
		{E26DA208-1528-4D34-ABAE-B0589D373A10}.Debug|x86.Build.0 = Debug|Win32
		{E26DA208-1528-4D34-ABAE-B0589D373A10}.Release|x64.ActiveCfg = Release|x64
		{E26DA208-1528-4D34-ABAE-B0589D373A10}.Release|x64.Build.0 = Release|x64
		{E26DA208-1528-4D34-ABAE-B0589D373A10}.Release|x86.ActiveCfg = Release|Win32
		{E26DA208-1528-4D34-ABAE-B0589D373A10}.Release|x86.Build.0 = Release|Win32
		{19477FDB-1B61-4A5E-8893-69E06B047143}.Debug|x64.ActiveCfg = Debug|x64
		{19477FDB-1B61-4A5E-8893-69E06B047143}.Debug|x64.Build.0 = Debug|x64
		{19477FDB-1B61-4A5E-8893-69E06B047143}.Debug|x86.ActiveCfg = Debug|Win32
		{19477FDB-1B61-4A5E-8893-69E06B047143}.Debug|x86.Build.0 = Debug|Win32
		{19477FDB-1B61-4A5E-8893-69E06B047143}.Release|x64.ActiveCfg = Release|x64
		{19477FDB-1B61-4A5E-8893-69E06B047143}.Release|x64.Build.0 = Release|x64
		{19477FDB-1B61-4A5E-8893-69E06B047143}.Release|x86.ActiveCfg = Release|Win32
		{19477FDB-1B61-4A5E-8893-69E06B047143}.Release|x86.Build.0 = Release|Win32
		{63DC0262-64C1-44F5-BDFC-E43DC9341DA8}.Debug|x64.ActiveCfg = Debug|x64
		{63DC0262-64C1-44F5-BDFC-E43DC9341DA8}.Debug|x64.Build.0 = Debug|x64
		{63DC0262-64C1-44F5-BDFC-E43DC9341DA8}.Debug|x86.ActiveCfg = Debug|Win32
		{63DC0262-64C1-44F5-BDFC-E43DC9341DA8}.Debug|x86.Build.0 = Debug|Win32
		{63DC0262-64C1-44F5-BDFC-E43DC9341DA8}.Release|x64.ActiveCfg = Release|x64
		{63DC0262-64C1-44F5-BDFC-E43DC9341DA8}.Release|x64.Build.0 = Release|x64
		{63DC0262-64C1-44F5-BDFC-E43DC9341DA8}.Release|x86.ActiveCfg = Release|Win32
		{63DC0262-64C1-44F5-BDFC-E43DC9341DA8}.Release|x86.Build.0 = Release|Win32
		{5775841C-0783-4BFB-A5D6-4735CB8206D2}.Debug|x64.ActiveCfg = Debug|x64
		{5775841C-0783-4BFB-A5D6-4735CB8206D2}.Debug|x64.Build.0 = Debug|x64
		{5775841C-0783-4BFB-A5D6-4735CB8206D2}.Debug|x86.ActiveCfg = Debug|Win32
		{5775841C-0783-4BFB-A5D6-4735CB8206D2}.Debug|x86.Build.0 = Debug|Win32
		{5775841C-0783-4BFB-A5D6-4735CB8206D2}.Release|x64.ActiveCfg = Release|x64
		{5775841C-0783-4BFB-A5D6-4735CB8206D2}.Release|x64.Build.0 = Release|x64
		{5775841C-0783-4BFB-A5D6-4735CB8206D2}.Release|x86.ActiveCfg = Release|Win32
		{5775841C-0783-4BFB-A5D6-4735CB8206D2}.Release|x86.Build.0 = Release|Win32
		{BDC54CA5-2495-4159-8371-5918D719CE04}.Debug|x64.ActiveCfg = Debug|x64
		{BDC54CA5-2495-4159-8371-5918D719CE04}.Debug|x64.Build.0 = Debug|x64
		{BDC54CA5-2495-4159-8371-5918D719CE04}.Debug|x86.ActiveCfg = Debug|Win32
		{BDC54CA5-2495-4159-8371-5918D719CE04}.Debug|x86.Build.0 = Debug|Win32
		{BDC54CA5-2495-4159-8371-5918D719CE04}.Release|x64.ActiveCfg = Release|x64
		{BDC54CA5-2495-4159-8371-5918D719CE04}.Release|x64.Build.0 = Release|x64
		{BDC54CA5-2495-4159-8371-5918D719CE04}.Release|x86.ActiveCfg = Release|Win32
		{BDC54CA5-2495-4159-8371-5918D719CE04}.Release|x86.Build.0 = Release|Win32
	EndGlobalSection
	GlobalSection(SolutionProperties) = preSolution
		HideSolutionNode = FALSE
	EndGlobalSection
	GlobalSection(ExtensibilityGlobals) = postSolution
		SolutionGuid = {48922D85-F171-43DB-B810-CC59EF64BC00}
	EndGlobalSection
EndGlobal
