
Microsoft Visual Studio Solution File, Format Version 12.00
# Visual Studio 15
VisualStudioVersion = 15.0.28307.2017
MinimumVisualStudioVersion = 10.0.40219.1
Project("{8BC9CEB8-8B4A-11D0-8D11-00A0C91BC942}") = "LG09_Q1a", "LG09_Q1a\LG09_Q1a.vcxproj", "{CEF0BE19-0497-4899-A581-5FE0F4F21CF4}"
EndProject
Project("{8BC9CEB8-8B4A-11D0-8D11-00A0C91BC942}") = "LG09_Q1b", "LG09_Q1b\LG09_Q1b.vcxproj", "{77D860B5-C6A6-4046-97F2-2CD4395D3A72}"
EndProject
Project("{8BC9CEB8-8B4A-11D0-8D11-00A0C91BC942}") = "LG09_Q2a", "LG09_Q2a\LG09_Q2a.vcxproj", "{0AFA7A94-A31B-4C79-B1F6-781964D2560A}"
EndProject
Project("{8BC9CEB8-8B4A-11D0-8D11-00A0C91BC942}") = "LG09_Q2b", "LG09_Q2b\LG09_Q2b.vcxproj", "{FF71B17F-2C9B-4865-97FC-87AD481D926E}"
EndProject
Global
	GlobalSection(SolutionConfigurationPlatforms) = preSolution
		Debug|x64 = Debug|x64
		Debug|x86 = Debug|x86
		Release|x64 = Release|x64
		Release|x86 = Release|x86
	EndGlobalSection
	GlobalSection(ProjectConfigurationPlatforms) = postSolution
		{CEF0BE19-0497-4899-A581-5FE0F4F21CF4}.Debug|x64.ActiveCfg = Debug|x64
		{CEF0BE19-0497-4899-A581-5FE0F4F21CF4}.Debug|x64.Build.0 = Debug|x64
		{CEF0BE19-0497-4899-A581-5FE0F4F21CF4}.Debug|x86.ActiveCfg = Debug|Win32
		{CEF0BE19-0497-4899-A581-5FE0F4F21CF4}.Debug|x86.Build.0 = Debug|Win32
		{CEF0BE19-0497-4899-A581-5FE0F4F21CF4}.Release|x64.ActiveCfg = Release|x64
		{CEF0BE19-0497-4899-A581-5FE0F4F21CF4}.Release|x64.Build.0 = Release|x64
		{CEF0BE19-0497-4899-A581-5FE0F4F21CF4}.Release|x86.ActiveCfg = Release|Win32
		{CEF0BE19-0497-4899-A581-5FE0F4F21CF4}.Release|x86.Build.0 = Release|Win32
		{77D860B5-C6A6-4046-97F2-2CD4395D3A72}.Debug|x64.ActiveCfg = Debug|x64
		{77D860B5-C6A6-4046-97F2-2CD4395D3A72}.Debug|x64.Build.0 = Debug|x64
		{77D860B5-C6A6-4046-97F2-2CD4395D3A72}.Debug|x86.ActiveCfg = Debug|Win32
		{77D860B5-C6A6-4046-97F2-2CD4395D3A72}.Debug|x86.Build.0 = Debug|Win32
		{77D860B5-C6A6-4046-97F2-2CD4395D3A72}.Release|x64.ActiveCfg = Release|x64
		{77D860B5-C6A6-4046-97F2-2CD4395D3A72}.Release|x64.Build.0 = Release|x64
		{77D860B5-C6A6-4046-97F2-2CD4395D3A72}.Release|x86.ActiveCfg = Release|Win32
		{77D860B5-C6A6-4046-97F2-2CD4395D3A72}.Release|x86.Build.0 = Release|Win32
		{0AFA7A94-A31B-4C79-B1F6-781964D2560A}.Debug|x64.ActiveCfg = Debug|x64
		{0AFA7A94-A31B-4C79-B1F6-781964D2560A}.Debug|x64.Build.0 = Debug|x64
		{0AFA7A94-A31B-4C79-B1F6-781964D2560A}.Debug|x86.ActiveCfg = Debug|Win32
		{0AFA7A94-A31B-4C79-B1F6-781964D2560A}.Debug|x86.Build.0 = Debug|Win32
		{0AFA7A94-A31B-4C79-B1F6-781964D2560A}.Release|x64.ActiveCfg = Release|x64
		{0AFA7A94-A31B-4C79-B1F6-781964D2560A}.Release|x64.Build.0 = Release|x64
		{0AFA7A94-A31B-4C79-B1F6-781964D2560A}.Release|x86.ActiveCfg = Release|Win32
		{0AFA7A94-A31B-4C79-B1F6-781964D2560A}.Release|x86.Build.0 = Release|Win32
		{FF71B17F-2C9B-4865-97FC-87AD481D926E}.Debug|x64.ActiveCfg = Debug|x64
		{FF71B17F-2C9B-4865-97FC-87AD481D926E}.Debug|x64.Build.0 = Debug|x64
		{FF71B17F-2C9B-4865-97FC-87AD481D926E}.Debug|x86.ActiveCfg = Debug|Win32
		{FF71B17F-2C9B-4865-97FC-87AD481D926E}.Debug|x86.Build.0 = Debug|Win32
		{FF71B17F-2C9B-4865-97FC-87AD481D926E}.Release|x64.ActiveCfg = Release|x64
		{FF71B17F-2C9B-4865-97FC-87AD481D926E}.Release|x64.Build.0 = Release|x64
		{FF71B17F-2C9B-4865-97FC-87AD481D926E}.Release|x86.ActiveCfg = Release|Win32
		{FF71B17F-2C9B-4865-97FC-87AD481D926E}.Release|x86.Build.0 = Release|Win32
	EndGlobalSection
	GlobalSection(SolutionProperties) = preSolution
		HideSolutionNode = FALSE
	EndGlobalSection
	GlobalSection(ExtensibilityGlobals) = postSolution
		SolutionGuid = {FE35C7A4-720F-4664-94C9-14ACED3E6CA0}
	EndGlobalSection
EndGlobal
