
Microsoft Visual Studio Solution File, Format Version 12.00
# Visual Studio Version 17
VisualStudioVersion = 17.8.34525.116
MinimumVisualStudioVersion = 10.0.40219.1
Project("{8BC9CEB8-8B4A-11D0-8D11-00A0C91BC942}") = "LG06_Q1", "LG06_Q1\LG06_Q1.vcxproj", "{DB765A4E-6D15-40C5-9F6A-BD59B61EA25E}"
EndProject
Project("{8BC9CEB8-8B4A-11D0-8D11-00A0C91BC942}") = "LG06_Q2a", "LG06_Q2\LG06_Q2.vcxproj", "{336B1E2D-EEFD-4244-9EE8-98E080880AB0}"
EndProject
Project("{8BC9CEB8-8B4A-11D0-8D11-00A0C91BC942}") = "LG06_Q2b", "LG06_Q2b\LG06_Q2b.vcxproj", "{AE1B10C5-3D0A-4127-8B32-267594F8E0C5}"
EndProject
Project("{8BC9CEB8-8B4A-11D0-8D11-00A0C91BC942}") = "LG06_Q3a", "LG06_Q3\LG06_Q3.vcxproj", "{ADA10930-F6B1-4F6D-AC6C-15F5F9A3BC0D}"
EndProject
Project("{8BC9CEB8-8B4A-11D0-8D11-00A0C91BC942}") = "LG06_Q3b", "LG06_Q3b\LG06_Q3b.vcxproj", "{3F68B279-DFF5-4843-B4A2-3AF3DE604D55}"
EndProject
Project("{8BC9CEB8-8B4A-11D0-8D11-00A0C91BC942}") = "LG06_AQ1", "LG06_AQ1\LG06_AQ1.vcxproj", "{5F4C3B8F-384D-4011-839D-B1B0713FDB08}"
EndProject
Project("{8BC9CEB8-8B4A-11D0-8D11-00A0C91BC942}") = "LG06_AQ2", "LG06_AQ2\LG06_AQ2.vcxproj", "{9763B94B-8116-4657-80D9-676894B79E20}"
EndProject
Global
	GlobalSection(SolutionConfigurationPlatforms) = preSolution
		Debug|x64 = Debug|x64
		Debug|x86 = Debug|x86
		Release|x64 = Release|x64
		Release|x86 = Release|x86
	EndGlobalSection
	GlobalSection(ProjectConfigurationPlatforms) = postSolution
		{DB765A4E-6D15-40C5-9F6A-BD59B61EA25E}.Debug|x64.ActiveCfg = Debug|x64
		{DB765A4E-6D15-40C5-9F6A-BD59B61EA25E}.Debug|x64.Build.0 = Debug|x64
		{DB765A4E-6D15-40C5-9F6A-BD59B61EA25E}.Debug|x86.ActiveCfg = Debug|Win32
		{DB765A4E-6D15-40C5-9F6A-BD59B61EA25E}.Debug|x86.Build.0 = Debug|Win32
		{DB765A4E-6D15-40C5-9F6A-BD59B61EA25E}.Release|x64.ActiveCfg = Release|x64
		{DB765A4E-6D15-40C5-9F6A-BD59B61EA25E}.Release|x64.Build.0 = Release|x64
		{DB765A4E-6D15-40C5-9F6A-BD59B61EA25E}.Release|x86.ActiveCfg = Release|Win32
		{DB765A4E-6D15-40C5-9F6A-BD59B61EA25E}.Release|x86.Build.0 = Release|Win32
		{336B1E2D-EEFD-4244-9EE8-98E080880AB0}.Debug|x64.ActiveCfg = Debug|x64
		{336B1E2D-EEFD-4244-9EE8-98E080880AB0}.Debug|x64.Build.0 = Debug|x64
		{336B1E2D-EEFD-4244-9EE8-98E080880AB0}.Debug|x86.ActiveCfg = Debug|Win32
		{336B1E2D-EEFD-4244-9EE8-98E080880AB0}.Debug|x86.Build.0 = Debug|Win32
		{336B1E2D-EEFD-4244-9EE8-98E080880AB0}.Release|x64.ActiveCfg = Release|x64
		{336B1E2D-EEFD-4244-9EE8-98E080880AB0}.Release|x64.Build.0 = Release|x64
		{336B1E2D-EEFD-4244-9EE8-98E080880AB0}.Release|x86.ActiveCfg = Release|Win32
		{336B1E2D-EEFD-4244-9EE8-98E080880AB0}.Release|x86.Build.0 = Release|Win32
		{AE1B10C5-3D0A-4127-8B32-267594F8E0C5}.Debug|x64.ActiveCfg = Debug|x64
		{AE1B10C5-3D0A-4127-8B32-267594F8E0C5}.Debug|x64.Build.0 = Debug|x64
		{AE1B10C5-3D0A-4127-8B32-267594F8E0C5}.Debug|x86.ActiveCfg = Debug|Win32
		{AE1B10C5-3D0A-4127-8B32-267594F8E0C5}.Debug|x86.Build.0 = Debug|Win32
		{AE1B10C5-3D0A-4127-8B32-267594F8E0C5}.Release|x64.ActiveCfg = Release|x64
		{AE1B10C5-3D0A-4127-8B32-267594F8E0C5}.Release|x64.Build.0 = Release|x64
		{AE1B10C5-3D0A-4127-8B32-267594F8E0C5}.Release|x86.ActiveCfg = Release|Win32
		{AE1B10C5-3D0A-4127-8B32-267594F8E0C5}.Release|x86.Build.0 = Release|Win32
		{ADA10930-F6B1-4F6D-AC6C-15F5F9A3BC0D}.Debug|x64.ActiveCfg = Debug|x64
		{ADA10930-F6B1-4F6D-AC6C-15F5F9A3BC0D}.Debug|x64.Build.0 = Debug|x64
		{ADA10930-F6B1-4F6D-AC6C-15F5F9A3BC0D}.Debug|x86.ActiveCfg = Debug|Win32
		{ADA10930-F6B1-4F6D-AC6C-15F5F9A3BC0D}.Debug|x86.Build.0 = Debug|Win32
		{ADA10930-F6B1-4F6D-AC6C-15F5F9A3BC0D}.Release|x64.ActiveCfg = Release|x64
		{ADA10930-F6B1-4F6D-AC6C-15F5F9A3BC0D}.Release|x64.Build.0 = Release|x64
		{ADA10930-F6B1-4F6D-AC6C-15F5F9A3BC0D}.Release|x86.ActiveCfg = Release|Win32
		{ADA10930-F6B1-4F6D-AC6C-15F5F9A3BC0D}.Release|x86.Build.0 = Release|Win32
		{3F68B279-DFF5-4843-B4A2-3AF3DE604D55}.Debug|x64.ActiveCfg = Debug|x64
		{3F68B279-DFF5-4843-B4A2-3AF3DE604D55}.Debug|x64.Build.0 = Debug|x64
		{3F68B279-DFF5-4843-B4A2-3AF3DE604D55}.Debug|x86.ActiveCfg = Debug|Win32
		{3F68B279-DFF5-4843-B4A2-3AF3DE604D55}.Debug|x86.Build.0 = Debug|Win32
		{3F68B279-DFF5-4843-B4A2-3AF3DE604D55}.Release|x64.ActiveCfg = Release|x64
		{3F68B279-DFF5-4843-B4A2-3AF3DE604D55}.Release|x64.Build.0 = Release|x64
		{3F68B279-DFF5-4843-B4A2-3AF3DE604D55}.Release|x86.ActiveCfg = Release|Win32
		{3F68B279-DFF5-4843-B4A2-3AF3DE604D55}.Release|x86.Build.0 = Release|Win32
		{5F4C3B8F-384D-4011-839D-B1B0713FDB08}.Debug|x64.ActiveCfg = Debug|x64
		{5F4C3B8F-384D-4011-839D-B1B0713FDB08}.Debug|x64.Build.0 = Debug|x64
		{5F4C3B8F-384D-4011-839D-B1B0713FDB08}.Debug|x86.ActiveCfg = Debug|Win32
		{5F4C3B8F-384D-4011-839D-B1B0713FDB08}.Debug|x86.Build.0 = Debug|Win32
		{5F4C3B8F-384D-4011-839D-B1B0713FDB08}.Release|x64.ActiveCfg = Release|x64
		{5F4C3B8F-384D-4011-839D-B1B0713FDB08}.Release|x64.Build.0 = Release|x64
		{5F4C3B8F-384D-4011-839D-B1B0713FDB08}.Release|x86.ActiveCfg = Release|Win32
		{5F4C3B8F-384D-4011-839D-B1B0713FDB08}.Release|x86.Build.0 = Release|Win32
		{9763B94B-8116-4657-80D9-676894B79E20}.Debug|x64.ActiveCfg = Debug|x64
		{9763B94B-8116-4657-80D9-676894B79E20}.Debug|x64.Build.0 = Debug|x64
		{9763B94B-8116-4657-80D9-676894B79E20}.Debug|x86.ActiveCfg = Debug|Win32
		{9763B94B-8116-4657-80D9-676894B79E20}.Debug|x86.Build.0 = Debug|Win32
		{9763B94B-8116-4657-80D9-676894B79E20}.Release|x64.ActiveCfg = Release|x64
		{9763B94B-8116-4657-80D9-676894B79E20}.Release|x64.Build.0 = Release|x64
		{9763B94B-8116-4657-80D9-676894B79E20}.Release|x86.ActiveCfg = Release|Win32
		{9763B94B-8116-4657-80D9-676894B79E20}.Release|x86.Build.0 = Release|Win32
	EndGlobalSection
	GlobalSection(SolutionProperties) = preSolution
		HideSolutionNode = FALSE
	EndGlobalSection
	GlobalSection(ExtensibilityGlobals) = postSolution
		SolutionGuid = {FE89BAAA-F5F8-44B5-BDB4-76D7B5BADB14}
	EndGlobalSection
EndGlobal
