
Microsoft Visual Studio Solution File, Format Version 12.00
# Visual Studio 15
VisualStudioVersion = 15.0.28307.2017
MinimumVisualStudioVersion = 10.0.40219.1
Project("{8BC9CEB8-8B4A-11D0-8D11-00A0C91BC942}") = "LG04_Q1a", "LG04_Q1\LG04_Q1.vcxproj", "{98D63E79-6CC7-49AC-9B17-4F54A6330354}"
EndProject
Project("{8BC9CEB8-8B4A-11D0-8D11-00A0C91BC942}") = "LG04_Q1b", "LG04_Q1b\LG04_Q1b.vcxproj", "{A4A66B34-62F0-40F6-A9C3-9E6081C6EC71}"
EndProject
Project("{8BC9CEB8-8B4A-11D0-8D11-00A0C91BC942}") = "LG04_Q2", "LG04_Q2\LG04_Q2.vcxproj", "{0E9D8ED4-DED4-41F7-9041-013CFE1F8828}"
EndProject
Project("{8BC9CEB8-8B4A-11D0-8D11-00A0C91BC942}") = "LG04_Q3", "LG04_Q3\LG04_Q3.vcxproj", "{ABF837A2-D320-4AA5-9196-E702E34C6B4C}"
EndProject
Project("{8BC9CEB8-8B4A-11D0-8D11-00A0C91BC942}") = "LG04_Q4", "LG04_Q4\LG04_Q4.vcxproj", "{1B9B799F-5EFF-4C1A-880E-DB33874BFDD0}"
EndProject
Project("{8BC9CEB8-8B4A-11D0-8D11-00A0C91BC942}") = "LG04_AQ1", "LG04_AQ1\LG04_AQ1.vcxproj", "{6CA22A53-616B-412F-B644-06BA3F601DF3}"
EndProject
Project("{8BC9CEB8-8B4A-11D0-8D11-00A0C91BC942}") = "LG04_AQ2", "LG04_AQ2\LG04_AQ2.vcxproj", "{1E806F75-F07F-4EFD-900B-B0705353B133}"
EndProject
Global
	GlobalSection(SolutionConfigurationPlatforms) = preSolution
		Debug|x64 = Debug|x64
		Debug|x86 = Debug|x86
		Release|x64 = Release|x64
		Release|x86 = Release|x86
	EndGlobalSection
	GlobalSection(ProjectConfigurationPlatforms) = postSolution
		{98D63E79-6CC7-49AC-9B17-4F54A6330354}.Debug|x64.ActiveCfg = Debug|x64
		{98D63E79-6CC7-49AC-9B17-4F54A6330354}.Debug|x64.Build.0 = Debug|x64
		{98D63E79-6CC7-49AC-9B17-4F54A6330354}.Debug|x86.ActiveCfg = Debug|Win32
		{98D63E79-6CC7-49AC-9B17-4F54A6330354}.Debug|x86.Build.0 = Debug|Win32
		{98D63E79-6CC7-49AC-9B17-4F54A6330354}.Release|x64.ActiveCfg = Release|x64
		{98D63E79-6CC7-49AC-9B17-4F54A6330354}.Release|x64.Build.0 = Release|x64
		{98D63E79-6CC7-49AC-9B17-4F54A6330354}.Release|x86.ActiveCfg = Release|Win32
		{98D63E79-6CC7-49AC-9B17-4F54A6330354}.Release|x86.Build.0 = Release|Win32
		{A4A66B34-62F0-40F6-A9C3-9E6081C6EC71}.Debug|x64.ActiveCfg = Debug|x64
		{A4A66B34-62F0-40F6-A9C3-9E6081C6EC71}.Debug|x64.Build.0 = Debug|x64
		{A4A66B34-62F0-40F6-A9C3-9E6081C6EC71}.Debug|x86.ActiveCfg = Debug|Win32
		{A4A66B34-62F0-40F6-A9C3-9E6081C6EC71}.Debug|x86.Build.0 = Debug|Win32
		{A4A66B34-62F0-40F6-A9C3-9E6081C6EC71}.Release|x64.ActiveCfg = Release|x64
		{A4A66B34-62F0-40F6-A9C3-9E6081C6EC71}.Release|x64.Build.0 = Release|x64
		{A4A66B34-62F0-40F6-A9C3-9E6081C6EC71}.Release|x86.ActiveCfg = Release|Win32
		{A4A66B34-62F0-40F6-A9C3-9E6081C6EC71}.Release|x86.Build.0 = Release|Win32
		{0E9D8ED4-DED4-41F7-9041-013CFE1F8828}.Debug|x64.ActiveCfg = Debug|x64
		{0E9D8ED4-DED4-41F7-9041-013CFE1F8828}.Debug|x64.Build.0 = Debug|x64
		{0E9D8ED4-DED4-41F7-9041-013CFE1F8828}.Debug|x86.ActiveCfg = Debug|Win32
		{0E9D8ED4-DED4-41F7-9041-013CFE1F8828}.Debug|x86.Build.0 = Debug|Win32
		{0E9D8ED4-DED4-41F7-9041-013CFE1F8828}.Release|x64.ActiveCfg = Release|x64
		{0E9D8ED4-DED4-41F7-9041-013CFE1F8828}.Release|x64.Build.0 = Release|x64
		{0E9D8ED4-DED4-41F7-9041-013CFE1F8828}.Release|x86.ActiveCfg = Release|Win32
		{0E9D8ED4-DED4-41F7-9041-013CFE1F8828}.Release|x86.Build.0 = Release|Win32
		{ABF837A2-D320-4AA5-9196-E702E34C6B4C}.Debug|x64.ActiveCfg = Debug|x64
		{ABF837A2-D320-4AA5-9196-E702E34C6B4C}.Debug|x64.Build.0 = Debug|x64
		{ABF837A2-D320-4AA5-9196-E702E34C6B4C}.Debug|x86.ActiveCfg = Debug|Win32
		{ABF837A2-D320-4AA5-9196-E702E34C6B4C}.Debug|x86.Build.0 = Debug|Win32
		{ABF837A2-D320-4AA5-9196-E702E34C6B4C}.Release|x64.ActiveCfg = Release|x64
		{ABF837A2-D320-4AA5-9196-E702E34C6B4C}.Release|x64.Build.0 = Release|x64
		{ABF837A2-D320-4AA5-9196-E702E34C6B4C}.Release|x86.ActiveCfg = Release|Win32
		{ABF837A2-D320-4AA5-9196-E702E34C6B4C}.Release|x86.Build.0 = Release|Win32
		{1B9B799F-5EFF-4C1A-880E-DB33874BFDD0}.Debug|x64.ActiveCfg = Debug|x64
		{1B9B799F-5EFF-4C1A-880E-DB33874BFDD0}.Debug|x64.Build.0 = Debug|x64
		{1B9B799F-5EFF-4C1A-880E-DB33874BFDD0}.Debug|x86.ActiveCfg = Debug|Win32
		{1B9B799F-5EFF-4C1A-880E-DB33874BFDD0}.Debug|x86.Build.0 = Debug|Win32
		{1B9B799F-5EFF-4C1A-880E-DB33874BFDD0}.Release|x64.ActiveCfg = Release|x64
		{1B9B799F-5EFF-4C1A-880E-DB33874BFDD0}.Release|x64.Build.0 = Release|x64
		{1B9B799F-5EFF-4C1A-880E-DB33874BFDD0}.Release|x86.ActiveCfg = Release|Win32
		{1B9B799F-5EFF-4C1A-880E-DB33874BFDD0}.Release|x86.Build.0 = Release|Win32
		{6CA22A53-616B-412F-B644-06BA3F601DF3}.Debug|x64.ActiveCfg = Debug|x64
		{6CA22A53-616B-412F-B644-06BA3F601DF3}.Debug|x64.Build.0 = Debug|x64
		{6CA22A53-616B-412F-B644-06BA3F601DF3}.Debug|x86.ActiveCfg = Debug|Win32
		{6CA22A53-616B-412F-B644-06BA3F601DF3}.Debug|x86.Build.0 = Debug|Win32
		{6CA22A53-616B-412F-B644-06BA3F601DF3}.Release|x64.ActiveCfg = Release|x64
		{6CA22A53-616B-412F-B644-06BA3F601DF3}.Release|x64.Build.0 = Release|x64
		{6CA22A53-616B-412F-B644-06BA3F601DF3}.Release|x86.ActiveCfg = Release|Win32
		{6CA22A53-616B-412F-B644-06BA3F601DF3}.Release|x86.Build.0 = Release|Win32
		{1E806F75-F07F-4EFD-900B-B0705353B133}.Debug|x64.ActiveCfg = Debug|x64
		{1E806F75-F07F-4EFD-900B-B0705353B133}.Debug|x64.Build.0 = Debug|x64
		{1E806F75-F07F-4EFD-900B-B0705353B133}.Debug|x86.ActiveCfg = Debug|Win32
		{1E806F75-F07F-4EFD-900B-B0705353B133}.Debug|x86.Build.0 = Debug|Win32
		{1E806F75-F07F-4EFD-900B-B0705353B133}.Release|x64.ActiveCfg = Release|x64
		{1E806F75-F07F-4EFD-900B-B0705353B133}.Release|x64.Build.0 = Release|x64
		{1E806F75-F07F-4EFD-900B-B0705353B133}.Release|x86.ActiveCfg = Release|Win32
		{1E806F75-F07F-4EFD-900B-B0705353B133}.Release|x86.Build.0 = Release|Win32
	EndGlobalSection
	GlobalSection(SolutionProperties) = preSolution
		HideSolutionNode = FALSE
	EndGlobalSection
	GlobalSection(ExtensibilityGlobals) = postSolution
		SolutionGuid = {98FEFAFD-ED45-4968-9DA9-05187D1AE990}
	EndGlobalSection
EndGlobal
