
Microsoft Visual Studio Solution File, Format Version 12.00
# Visual Studio Version 17
VisualStudioVersion = 17.12.35506.116
MinimumVisualStudioVersion = 10.0.40219.1
Project("{8BC9CEB8-8B4A-11D0-8D11-00A0C91BC942}") = "01_Basic_GLUT_Example", "01_Basic_GLUT_Example\01_Basic_GLUT_Example.vcxproj", "{280D212F-4682-4C1F-AC69-AC4895C66704}"
EndProject
Project("{8BC9CEB8-8B4A-11D0-8D11-00A0C91BC942}") = "02_Mouse_Click_Event", "02_Mouse_Click_Event\02_Mouse_Click_Event.vcxproj", "{2B8EA236-6BE1-4DBB-8D91-1A3C236AC34C}"
EndProject
Project("{8BC9CEB8-8B4A-11D0-8D11-00A0C91BC942}") = "03_Left_Right_Mouse_Click", "03_Left_Right_Mouse_Click\03_Left_Right_Mouse_Click.vcxproj", "{A8829CCD-79A6-449C-B717-BAF2B3757809}"
EndProject
Project("{8BC9CEB8-8B4A-11D0-8D11-00A0C91BC942}") = "04_Inside_Outside_Mouse_Move", "04_Inside_Outside_Mouse_Move\04_Inside_Outside_Mouse_Move.vcxproj", "{D7A5C769-D165-40BE-9356-143B8D054BB7}"
EndProject
Project("{8BC9CEB8-8B4A-11D0-8D11-00A0C91BC942}") = "05_Keyboard_Mouse_Events", "05_Keyboard_Mouse_Events\05_Keyboard_Mouse_Events.vcxproj", "{0C674D63-9CBD-411D-A085-6B124D4F8681}"
EndProject
Project("{8BC9CEB8-8B4A-11D0-8D11-00A0C91BC942}") = "06_Keyboard_Timer_Events", "06_Keyboard_Timer_Events\06_Keyboard_Timer_Events.vcxproj", "{E96C3C60-86E6-4078-9017-8A021EBB5C69}"
EndProject
Project("{8BC9CEB8-8B4A-11D0-8D11-00A0C91BC942}") = "07_Mouse_Keyboard_Timer_Events", "07_Mouse_Keyboard_Timer_Events\07_Mouse_Keyboard_Timer_Events.vcxproj", "{2962C155-51C7-4D4F-9B61-5B213CFFECCA}"
EndProject
Project("{8BC9CEB8-8B4A-11D0-8D11-00A0C91BC942}") = "08_Functions_As_Parameters", "08_Functions_As_Parameters\08_Functions_As_Parameters.vcxproj", "{11EFE0EE-D254-49A7-871A-3BABFB6846D5}"
EndProject
Project("{8BC9CEB8-8B4A-11D0-8D11-00A0C91BC942}") = "09_Counting_Mouse_Clicks", "09_Counting_Mouse_Clicks\09_Counting_Mouse_Clicks.vcxproj", "{D2C4239F-18DE-45E1-95AD-E10404A01DAC}"
EndProject
Project("{8BC9CEB8-8B4A-11D0-8D11-00A0C91BC942}") = "10_First_OpenGL_Program", "10_First_OpenGL_Program\10_First_OpenGL_Program.vcxproj", "{B0451CBB-0E57-432F-9D1F-52019F378F04}"
EndProject
Project("{8BC9CEB8-8B4A-11D0-8D11-00A0C91BC942}") = "11_Simple_2D_Colored_Shapes", "11_Simple_2D_Colored_Shapes\11_Simple_2D_Colored_Shapes.vcxproj", "{EF44C66A-94EF-475A-9BAB-122F8DA810B9}"
EndProject
Project("{8BC9CEB8-8B4A-11D0-8D11-00A0C91BC942}") = "12_Lab_Man", "12_Lab_Man\12_Lab_Man.vcxproj", "{B7003496-7B59-42AD-9ED2-A7C7B5028328}"
EndProject
Project("{8BC9CEB8-8B4A-11D0-8D11-00A0C91BC942}") = "13_Drawing_Primitives", "13_Drawing_Primitives\13_Drawing_Primitives.vcxproj", "{AD5D2BE9-E9E3-4F9C-81B5-2DD64268D8F0}"
EndProject
Project("{8BC9CEB8-8B4A-11D0-8D11-00A0C91BC942}") = "17_Quiz_1", "17_Quiz_1\17_Quiz_1.vcxproj", "{AE424EA6-56AF-4959-A5C6-5D7960F88D87}"
EndProject
Global
	GlobalSection(SolutionConfigurationPlatforms) = preSolution
		Debug|x64 = Debug|x64
		Debug|x86 = Debug|x86
		Release|x64 = Release|x64
		Release|x86 = Release|x86
	EndGlobalSection
	GlobalSection(ProjectConfigurationPlatforms) = postSolution
		{280D212F-4682-4C1F-AC69-AC4895C66704}.Debug|x64.ActiveCfg = Debug|x64
		{280D212F-4682-4C1F-AC69-AC4895C66704}.Debug|x64.Build.0 = Debug|x64
		{280D212F-4682-4C1F-AC69-AC4895C66704}.Debug|x86.ActiveCfg = Debug|Win32
		{280D212F-4682-4C1F-AC69-AC4895C66704}.Debug|x86.Build.0 = Debug|Win32
		{280D212F-4682-4C1F-AC69-AC4895C66704}.Release|x64.ActiveCfg = Release|x64
		{280D212F-4682-4C1F-AC69-AC4895C66704}.Release|x64.Build.0 = Release|x64
		{280D212F-4682-4C1F-AC69-AC4895C66704}.Release|x86.ActiveCfg = Release|Win32
		{280D212F-4682-4C1F-AC69-AC4895C66704}.Release|x86.Build.0 = Release|Win32
		{2B8EA236-6BE1-4DBB-8D91-1A3C236AC34C}.Debug|x64.ActiveCfg = Debug|x64
		{2B8EA236-6BE1-4DBB-8D91-1A3C236AC34C}.Debug|x64.Build.0 = Debug|x64
		{2B8EA236-6BE1-4DBB-8D91-1A3C236AC34C}.Debug|x86.ActiveCfg = Debug|Win32
		{2B8EA236-6BE1-4DBB-8D91-1A3C236AC34C}.Debug|x86.Build.0 = Debug|Win32
		{2B8EA236-6BE1-4DBB-8D91-1A3C236AC34C}.Release|x64.ActiveCfg = Release|x64
		{2B8EA236-6BE1-4DBB-8D91-1A3C236AC34C}.Release|x64.Build.0 = Release|x64
		{2B8EA236-6BE1-4DBB-8D91-1A3C236AC34C}.Release|x86.ActiveCfg = Release|Win32
		{2B8EA236-6BE1-4DBB-8D91-1A3C236AC34C}.Release|x86.Build.0 = Release|Win32
		{A8829CCD-79A6-449C-B717-BAF2B3757809}.Debug|x64.ActiveCfg = Debug|x64
		{A8829CCD-79A6-449C-B717-BAF2B3757809}.Debug|x64.Build.0 = Debug|x64
		{A8829CCD-79A6-449C-B717-BAF2B3757809}.Debug|x86.ActiveCfg = Debug|Win32
		{A8829CCD-79A6-449C-B717-BAF2B3757809}.Debug|x86.Build.0 = Debug|Win32
		{A8829CCD-79A6-449C-B717-BAF2B3757809}.Release|x64.ActiveCfg = Release|x64
		{A8829CCD-79A6-449C-B717-BAF2B3757809}.Release|x64.Build.0 = Release|x64
		{A8829CCD-79A6-449C-B717-BAF2B3757809}.Release|x86.ActiveCfg = Release|Win32
		{A8829CCD-79A6-449C-B717-BAF2B3757809}.Release|x86.Build.0 = Release|Win32
		{D7A5C769-D165-40BE-9356-143B8D054BB7}.Debug|x64.ActiveCfg = Debug|x64
		{D7A5C769-D165-40BE-9356-143B8D054BB7}.Debug|x64.Build.0 = Debug|x64
		{D7A5C769-D165-40BE-9356-143B8D054BB7}.Debug|x86.ActiveCfg = Debug|Win32
		{D7A5C769-D165-40BE-9356-143B8D054BB7}.Debug|x86.Build.0 = Debug|Win32
		{D7A5C769-D165-40BE-9356-143B8D054BB7}.Release|x64.ActiveCfg = Release|x64
		{D7A5C769-D165-40BE-9356-143B8D054BB7}.Release|x64.Build.0 = Release|x64
		{D7A5C769-D165-40BE-9356-143B8D054BB7}.Release|x86.ActiveCfg = Release|Win32
		{D7A5C769-D165-40BE-9356-143B8D054BB7}.Release|x86.Build.0 = Release|Win32
		{0C674D63-9CBD-411D-A085-6B124D4F8681}.Debug|x64.ActiveCfg = Debug|x64
		{0C674D63-9CBD-411D-A085-6B124D4F8681}.Debug|x64.Build.0 = Debug|x64
		{0C674D63-9CBD-411D-A085-6B124D4F8681}.Debug|x86.ActiveCfg = Debug|Win32
		{0C674D63-9CBD-411D-A085-6B124D4F8681}.Debug|x86.Build.0 = Debug|Win32
		{0C674D63-9CBD-411D-A085-6B124D4F8681}.Release|x64.ActiveCfg = Release|x64
		{0C674D63-9CBD-411D-A085-6B124D4F8681}.Release|x64.Build.0 = Release|x64
		{0C674D63-9CBD-411D-A085-6B124D4F8681}.Release|x86.ActiveCfg = Release|Win32
		{0C674D63-9CBD-411D-A085-6B124D4F8681}.Release|x86.Build.0 = Release|Win32
		{E96C3C60-86E6-4078-9017-8A021EBB5C69}.Debug|x64.ActiveCfg = Debug|x64
		{E96C3C60-86E6-4078-9017-8A021EBB5C69}.Debug|x64.Build.0 = Debug|x64
		{E96C3C60-86E6-4078-9017-8A021EBB5C69}.Debug|x86.ActiveCfg = Debug|Win32
		{E96C3C60-86E6-4078-9017-8A021EBB5C69}.Debug|x86.Build.0 = Debug|Win32
		{E96C3C60-86E6-4078-9017-8A021EBB5C69}.Release|x64.ActiveCfg = Release|x64
		{E96C3C60-86E6-4078-9017-8A021EBB5C69}.Release|x64.Build.0 = Release|x64
		{E96C3C60-86E6-4078-9017-8A021EBB5C69}.Release|x86.ActiveCfg = Release|Win32
		{E96C3C60-86E6-4078-9017-8A021EBB5C69}.Release|x86.Build.0 = Release|Win32
		{2962C155-51C7-4D4F-9B61-5B213CFFECCA}.Debug|x64.ActiveCfg = Debug|x64
		{2962C155-51C7-4D4F-9B61-5B213CFFECCA}.Debug|x64.Build.0 = Debug|x64
		{2962C155-51C7-4D4F-9B61-5B213CFFECCA}.Debug|x86.ActiveCfg = Debug|Win32
		{2962C155-51C7-4D4F-9B61-5B213CFFECCA}.Debug|x86.Build.0 = Debug|Win32
		{2962C155-51C7-4D4F-9B61-5B213CFFECCA}.Release|x64.ActiveCfg = Release|x64
		{2962C155-51C7-4D4F-9B61-5B213CFFECCA}.Release|x64.Build.0 = Release|x64
		{2962C155-51C7-4D4F-9B61-5B213CFFECCA}.Release|x86.ActiveCfg = Release|Win32
		{2962C155-51C7-4D4F-9B61-5B213CFFECCA}.Release|x86.Build.0 = Release|Win32
		{11EFE0EE-D254-49A7-871A-3BABFB6846D5}.Debug|x64.ActiveCfg = Debug|x64
		{11EFE0EE-D254-49A7-871A-3BABFB6846D5}.Debug|x64.Build.0 = Debug|x64
		{11EFE0EE-D254-49A7-871A-3BABFB6846D5}.Debug|x86.ActiveCfg = Debug|Win32
		{11EFE0EE-D254-49A7-871A-3BABFB6846D5}.Debug|x86.Build.0 = Debug|Win32
		{11EFE0EE-D254-49A7-871A-3BABFB6846D5}.Release|x64.ActiveCfg = Release|x64
		{11EFE0EE-D254-49A7-871A-3BABFB6846D5}.Release|x64.Build.0 = Release|x64
		{11EFE0EE-D254-49A7-871A-3BABFB6846D5}.Release|x86.ActiveCfg = Release|Win32
		{11EFE0EE-D254-49A7-871A-3BABFB6846D5}.Release|x86.Build.0 = Release|Win32
		{D2C4239F-18DE-45E1-95AD-E10404A01DAC}.Debug|x64.ActiveCfg = Debug|x64
		{D2C4239F-18DE-45E1-95AD-E10404A01DAC}.Debug|x64.Build.0 = Debug|x64
		{D2C4239F-18DE-45E1-95AD-E10404A01DAC}.Debug|x86.ActiveCfg = Debug|Win32
		{D2C4239F-18DE-45E1-95AD-E10404A01DAC}.Debug|x86.Build.0 = Debug|Win32
		{D2C4239F-18DE-45E1-95AD-E10404A01DAC}.Release|x64.ActiveCfg = Release|x64
		{D2C4239F-18DE-45E1-95AD-E10404A01DAC}.Release|x64.Build.0 = Release|x64
		{D2C4239F-18DE-45E1-95AD-E10404A01DAC}.Release|x86.ActiveCfg = Release|Win32
		{D2C4239F-18DE-45E1-95AD-E10404A01DAC}.Release|x86.Build.0 = Release|Win32
		{B0451CBB-0E57-432F-9D1F-52019F378F04}.Debug|x64.ActiveCfg = Debug|x64
		{B0451CBB-0E57-432F-9D1F-52019F378F04}.Debug|x64.Build.0 = Debug|x64
		{B0451CBB-0E57-432F-9D1F-52019F378F04}.Debug|x86.ActiveCfg = Debug|Win32
		{B0451CBB-0E57-432F-9D1F-52019F378F04}.Debug|x86.Build.0 = Debug|Win32
		{B0451CBB-0E57-432F-9D1F-52019F378F04}.Release|x64.ActiveCfg = Release|x64
		{B0451CBB-0E57-432F-9D1F-52019F378F04}.Release|x64.Build.0 = Release|x64
		{B0451CBB-0E57-432F-9D1F-52019F378F04}.Release|x86.ActiveCfg = Release|Win32
		{B0451CBB-0E57-432F-9D1F-52019F378F04}.Release|x86.Build.0 = Release|Win32
		{EF44C66A-94EF-475A-9BAB-122F8DA810B9}.Debug|x64.ActiveCfg = Debug|x64
		{EF44C66A-94EF-475A-9BAB-122F8DA810B9}.Debug|x64.Build.0 = Debug|x64
		{EF44C66A-94EF-475A-9BAB-122F8DA810B9}.Debug|x86.ActiveCfg = Debug|Win32
		{EF44C66A-94EF-475A-9BAB-122F8DA810B9}.Debug|x86.Build.0 = Debug|Win32
		{EF44C66A-94EF-475A-9BAB-122F8DA810B9}.Release|x64.ActiveCfg = Release|x64
		{EF44C66A-94EF-475A-9BAB-122F8DA810B9}.Release|x64.Build.0 = Release|x64
		{EF44C66A-94EF-475A-9BAB-122F8DA810B9}.Release|x86.ActiveCfg = Release|Win32
		{EF44C66A-94EF-475A-9BAB-122F8DA810B9}.Release|x86.Build.0 = Release|Win32
		{B7003496-7B59-42AD-9ED2-A7C7B5028328}.Debug|x64.ActiveCfg = Debug|x64
		{B7003496-7B59-42AD-9ED2-A7C7B5028328}.Debug|x64.Build.0 = Debug|x64
		{B7003496-7B59-42AD-9ED2-A7C7B5028328}.Debug|x86.ActiveCfg = Debug|Win32
		{B7003496-7B59-42AD-9ED2-A7C7B5028328}.Debug|x86.Build.0 = Debug|Win32
		{B7003496-7B59-42AD-9ED2-A7C7B5028328}.Release|x64.ActiveCfg = Release|x64
		{B7003496-7B59-42AD-9ED2-A7C7B5028328}.Release|x64.Build.0 = Release|x64
		{B7003496-7B59-42AD-9ED2-A7C7B5028328}.Release|x86.ActiveCfg = Release|Win32
		{B7003496-7B59-42AD-9ED2-A7C7B5028328}.Release|x86.Build.0 = Release|Win32
		{AD5D2BE9-E9E3-4F9C-81B5-2DD64268D8F0}.Debug|x64.ActiveCfg = Debug|x64
		{AD5D2BE9-E9E3-4F9C-81B5-2DD64268D8F0}.Debug|x64.Build.0 = Debug|x64
		{AD5D2BE9-E9E3-4F9C-81B5-2DD64268D8F0}.Debug|x86.ActiveCfg = Debug|Win32
		{AD5D2BE9-E9E3-4F9C-81B5-2DD64268D8F0}.Debug|x86.Build.0 = Debug|Win32
		{AD5D2BE9-E9E3-4F9C-81B5-2DD64268D8F0}.Release|x64.ActiveCfg = Release|x64
		{AD5D2BE9-E9E3-4F9C-81B5-2DD64268D8F0}.Release|x64.Build.0 = Release|x64
		{AD5D2BE9-E9E3-4F9C-81B5-2DD64268D8F0}.Release|x86.ActiveCfg = Release|Win32
		{AD5D2BE9-E9E3-4F9C-81B5-2DD64268D8F0}.Release|x86.Build.0 = Release|Win32
		{AE424EA6-56AF-4959-A5C6-5D7960F88D87}.Debug|x64.ActiveCfg = Debug|x64
		{AE424EA6-56AF-4959-A5C6-5D7960F88D87}.Debug|x64.Build.0 = Debug|x64
		{AE424EA6-56AF-4959-A5C6-5D7960F88D87}.Debug|x86.ActiveCfg = Debug|Win32
		{AE424EA6-56AF-4959-A5C6-5D7960F88D87}.Debug|x86.Build.0 = Debug|Win32
		{AE424EA6-56AF-4959-A5C6-5D7960F88D87}.Release|x64.ActiveCfg = Release|x64
		{AE424EA6-56AF-4959-A5C6-5D7960F88D87}.Release|x64.Build.0 = Release|x64
		{AE424EA6-56AF-4959-A5C6-5D7960F88D87}.Release|x86.ActiveCfg = Release|Win32
		{AE424EA6-56AF-4959-A5C6-5D7960F88D87}.Release|x86.Build.0 = Release|Win32
	EndGlobalSection
	GlobalSection(SolutionProperties) = preSolution
		HideSolutionNode = FALSE
	EndGlobalSection
EndGlobal
