
Microsoft Visual Studio Solution File, Format Version 12.00
# Visual Studio 15
VisualStudioVersion = 15.0.28307.2017
MinimumVisualStudioVersion = 10.0.40219.1
Project("{8BC9CEB8-8B4A-11D0-8D11-00A0C91BC942}") = "LG03_Q1", "LG03_Q1\LG03_Q1.vcxproj", "{F1A04784-C34F-475A-BC7C-133D95D0E44D}"
EndProject
Project("{8BC9CEB8-8B4A-11D0-8D11-00A0C91BC942}") = "LG03_Q2", "LG03_Q2\LG03_Q2.vcxproj", "{2E70839B-B427-4AD8-9938-36A3B0CD77D0}"
EndProject
Project("{8BC9CEB8-8B4A-11D0-8D11-00A0C91BC942}") = "LG03_Q3", "LG03_Q3\LG03_Q3.vcxproj", "{0723AF18-70B9-475E-832D-E68A3CE52F20}"
EndProject
Project("{8BC9CEB8-8B4A-11D0-8D11-00A0C91BC942}") = "LG03_Q4", "LG03_Q4\LG03_Q4.vcxproj", "{16694CD6-3634-49ED-BE7A-6983CC21B0BF}"
EndProject
Project("{8BC9CEB8-8B4A-11D0-8D11-00A0C91BC942}") = "LG03_Q5", "LG03_Q5\LG03_Q5.vcxproj", "{EEAE3337-2395-4BC5-9E44-0D9E613A8BB2}"
EndProject
Project("{8BC9CEB8-8B4A-11D0-8D11-00A0C91BC942}") = "LG03_AQ1", "LG03_AQ1\LG03_AQ1.vcxproj", "{33363522-519C-41DF-A360-BD242D7A8F52}"
EndProject
Project("{8BC9CEB8-8B4A-11D0-8D11-00A0C91BC942}") = "LG03_AQ2", "LG03_AQ2\LG03_AQ2.vcxproj", "{2352A018-3332-424B-A204-0385C94F0F00}"
EndProject
Global
	GlobalSection(SolutionConfigurationPlatforms) = preSolution
		Debug|x64 = Debug|x64
		Debug|x86 = Debug|x86
		Release|x64 = Release|x64
		Release|x86 = Release|x86
	EndGlobalSection
	GlobalSection(ProjectConfigurationPlatforms) = postSolution
		{F1A04784-C34F-475A-BC7C-133D95D0E44D}.Debug|x64.ActiveCfg = Debug|x64
		{F1A04784-C34F-475A-BC7C-133D95D0E44D}.Debug|x64.Build.0 = Debug|x64
		{F1A04784-C34F-475A-BC7C-133D95D0E44D}.Debug|x86.ActiveCfg = Debug|Win32
		{F1A04784-C34F-475A-BC7C-133D95D0E44D}.Debug|x86.Build.0 = Debug|Win32
		{F1A04784-C34F-475A-BC7C-133D95D0E44D}.Release|x64.ActiveCfg = Release|x64
		{F1A04784-C34F-475A-BC7C-133D95D0E44D}.Release|x64.Build.0 = Release|x64
		{F1A04784-C34F-475A-BC7C-133D95D0E44D}.Release|x86.ActiveCfg = Release|Win32
		{F1A04784-C34F-475A-BC7C-133D95D0E44D}.Release|x86.Build.0 = Release|Win32
		{2E70839B-B427-4AD8-9938-36A3B0CD77D0}.Debug|x64.ActiveCfg = Debug|x64
		{2E70839B-B427-4AD8-9938-36A3B0CD77D0}.Debug|x64.Build.0 = Debug|x64
		{2E70839B-B427-4AD8-9938-36A3B0CD77D0}.Debug|x86.ActiveCfg = Debug|Win32
		{2E70839B-B427-4AD8-9938-36A3B0CD77D0}.Debug|x86.Build.0 = Debug|Win32
		{2E70839B-B427-4AD8-9938-36A3B0CD77D0}.Release|x64.ActiveCfg = Release|x64
		{2E70839B-B427-4AD8-9938-36A3B0CD77D0}.Release|x64.Build.0 = Release|x64
		{2E70839B-B427-4AD8-9938-36A3B0CD77D0}.Release|x86.ActiveCfg = Release|Win32
		{2E70839B-B427-4AD8-9938-36A3B0CD77D0}.Release|x86.Build.0 = Release|Win32
		{0723AF18-70B9-475E-832D-E68A3CE52F20}.Debug|x64.ActiveCfg = Debug|x64
		{0723AF18-70B9-475E-832D-E68A3CE52F20}.Debug|x64.Build.0 = Debug|x64
		{0723AF18-70B9-475E-832D-E68A3CE52F20}.Debug|x86.ActiveCfg = Debug|Win32
		{0723AF18-70B9-475E-832D-E68A3CE52F20}.Debug|x86.Build.0 = Debug|Win32
		{0723AF18-70B9-475E-832D-E68A3CE52F20}.Release|x64.ActiveCfg = Release|x64
		{0723AF18-70B9-475E-832D-E68A3CE52F20}.Release|x64.Build.0 = Release|x64
		{0723AF18-70B9-475E-832D-E68A3CE52F20}.Release|x86.ActiveCfg = Release|Win32
		{0723AF18-70B9-475E-832D-E68A3CE52F20}.Release|x86.Build.0 = Release|Win32
		{16694CD6-3634-49ED-BE7A-6983CC21B0BF}.Debug|x64.ActiveCfg = Debug|x64
		{16694CD6-3634-49ED-BE7A-6983CC21B0BF}.Debug|x64.Build.0 = Debug|x64
		{16694CD6-3634-49ED-BE7A-6983CC21B0BF}.Debug|x86.ActiveCfg = Debug|Win32
		{16694CD6-3634-49ED-BE7A-6983CC21B0BF}.Debug|x86.Build.0 = Debug|Win32
		{16694CD6-3634-49ED-BE7A-6983CC21B0BF}.Release|x64.ActiveCfg = Release|x64
		{16694CD6-3634-49ED-BE7A-6983CC21B0BF}.Release|x64.Build.0 = Release|x64
		{16694CD6-3634-49ED-BE7A-6983CC21B0BF}.Release|x86.ActiveCfg = Release|Win32
		{16694CD6-3634-49ED-BE7A-6983CC21B0BF}.Release|x86.Build.0 = Release|Win32
		{EEAE3337-2395-4BC5-9E44-0D9E613A8BB2}.Debug|x64.ActiveCfg = Debug|x64
		{EEAE3337-2395-4BC5-9E44-0D9E613A8BB2}.Debug|x64.Build.0 = Debug|x64
		{EEAE3337-2395-4BC5-9E44-0D9E613A8BB2}.Debug|x86.ActiveCfg = Debug|Win32
		{EEAE3337-2395-4BC5-9E44-0D9E613A8BB2}.Debug|x86.Build.0 = Debug|Win32
		{EEAE3337-2395-4BC5-9E44-0D9E613A8BB2}.Release|x64.ActiveCfg = Release|x64
		{EEAE3337-2395-4BC5-9E44-0D9E613A8BB2}.Release|x64.Build.0 = Release|x64
		{EEAE3337-2395-4BC5-9E44-0D9E613A8BB2}.Release|x86.ActiveCfg = Release|Win32
		{EEAE3337-2395-4BC5-9E44-0D9E613A8BB2}.Release|x86.Build.0 = Release|Win32
		{33363522-519C-41DF-A360-BD242D7A8F52}.Debug|x64.ActiveCfg = Debug|x64
		{33363522-519C-41DF-A360-BD242D7A8F52}.Debug|x64.Build.0 = Debug|x64
		{33363522-519C-41DF-A360-BD242D7A8F52}.Debug|x86.ActiveCfg = Debug|Win32
		{33363522-519C-41DF-A360-BD242D7A8F52}.Debug|x86.Build.0 = Debug|Win32
		{33363522-519C-41DF-A360-BD242D7A8F52}.Release|x64.ActiveCfg = Release|x64
		{33363522-519C-41DF-A360-BD242D7A8F52}.Release|x64.Build.0 = Release|x64
		{33363522-519C-41DF-A360-BD242D7A8F52}.Release|x86.ActiveCfg = Release|Win32
		{33363522-519C-41DF-A360-BD242D7A8F52}.Release|x86.Build.0 = Release|Win32
		{2352A018-3332-424B-A204-0385C94F0F00}.Debug|x64.ActiveCfg = Debug|x64
		{2352A018-3332-424B-A204-0385C94F0F00}.Debug|x64.Build.0 = Debug|x64
		{2352A018-3332-424B-A204-0385C94F0F00}.Debug|x86.ActiveCfg = Debug|Win32
		{2352A018-3332-424B-A204-0385C94F0F00}.Debug|x86.Build.0 = Debug|Win32
		{2352A018-3332-424B-A204-0385C94F0F00}.Release|x64.ActiveCfg = Release|x64
		{2352A018-3332-424B-A204-0385C94F0F00}.Release|x64.Build.0 = Release|x64
		{2352A018-3332-424B-A204-0385C94F0F00}.Release|x86.ActiveCfg = Release|Win32
		{2352A018-3332-424B-A204-0385C94F0F00}.Release|x86.Build.0 = Release|Win32
	EndGlobalSection
	GlobalSection(SolutionProperties) = preSolution
		HideSolutionNode = FALSE
	EndGlobalSection
	GlobalSection(ExtensibilityGlobals) = postSolution
		SolutionGuid = {8CE3C130-D219-46DB-9B88-3E53670C7AA3}
	EndGlobalSection
EndGlobal
