
Microsoft Visual Studio Solution File, Format Version 12.00
# Visual Studio Version 17
VisualStudioVersion = 17.10.35122.118
MinimumVisualStudioVersion = 10.0.40219.1
Project("{8BC9CEB8-8B4A-11D0-8D11-00A0C91BC942}") = "LG02_Q1a", "LG02_Q1\LG02_Q1.vcxproj", "{FEAB2ED0-D794-4B66-9C4A-81A13A5B4525}"
EndProject
Project("{8BC9CEB8-8B4A-11D0-8D11-00A0C91BC942}") = "LG02_Q1b", "LG02_Q1b\LG02_Q1b.vcxproj", "{2F5E3875-1823-402C-A2DF-F689A3B6067C}"
EndProject
Project("{8BC9CEB8-8B4A-11D0-8D11-00A0C91BC942}") = "LG02_Q2", "LG02_Q2\LG02_Q2.vcxproj", "{04FBD4E1-CCD9-4476-8BEC-6A4B84932B07}"
EndProject
Project("{8BC9CEB8-8B4A-11D0-8D11-00A0C91BC942}") = "LG02_Q3", "LG02_Q3\LG02_Q3.vcxproj", "{68681BC9-FAC0-4F9A-A900-9183051EF92C}"
EndProject
Project("{8BC9CEB8-8B4A-11D0-8D11-00A0C91BC942}") = "LG02_Q4", "LG02_Q4\LG02_Q4.vcxproj", "{58490592-904D-4EC8-9647-D432316BA6CE}"
EndProject
Project("{8BC9CEB8-8B4A-11D0-8D11-00A0C91BC942}") = "LG02_AQ1", "LG02_AQ1\LG02_AQ1.vcxproj", "{E3F50FE7-DFE8-434F-8A15-49860977ABDC}"
EndProject
Project("{8BC9CEB8-8B4A-11D0-8D11-00A0C91BC942}") = "LG02_AQ2", "LG02_AQ2\LG02_AQ2.vcxproj", "{418DDE9E-72C9-4844-9886-AC850F254077}"
EndProject
Global
	GlobalSection(SolutionConfigurationPlatforms) = preSolution
		Debug|x64 = Debug|x64
		Debug|x86 = Debug|x86
		Release|x64 = Release|x64
		Release|x86 = Release|x86
	EndGlobalSection
	GlobalSection(ProjectConfigurationPlatforms) = postSolution
		{FEAB2ED0-D794-4B66-9C4A-81A13A5B4525}.Debug|x64.ActiveCfg = Debug|x64
		{FEAB2ED0-D794-4B66-9C4A-81A13A5B4525}.Debug|x64.Build.0 = Debug|x64
		{FEAB2ED0-D794-4B66-9C4A-81A13A5B4525}.Debug|x86.ActiveCfg = Debug|Win32
		{FEAB2ED0-D794-4B66-9C4A-81A13A5B4525}.Debug|x86.Build.0 = Debug|Win32
		{FEAB2ED0-D794-4B66-9C4A-81A13A5B4525}.Release|x64.ActiveCfg = Release|x64
		{FEAB2ED0-D794-4B66-9C4A-81A13A5B4525}.Release|x64.Build.0 = Release|x64
		{FEAB2ED0-D794-4B66-9C4A-81A13A5B4525}.Release|x86.ActiveCfg = Release|Win32
		{FEAB2ED0-D794-4B66-9C4A-81A13A5B4525}.Release|x86.Build.0 = Release|Win32
		{2F5E3875-1823-402C-A2DF-F689A3B6067C}.Debug|x64.ActiveCfg = Debug|x64
		{2F5E3875-1823-402C-A2DF-F689A3B6067C}.Debug|x64.Build.0 = Debug|x64
		{2F5E3875-1823-402C-A2DF-F689A3B6067C}.Debug|x86.ActiveCfg = Debug|Win32
		{2F5E3875-1823-402C-A2DF-F689A3B6067C}.Debug|x86.Build.0 = Debug|Win32
		{2F5E3875-1823-402C-A2DF-F689A3B6067C}.Release|x64.ActiveCfg = Release|x64
		{2F5E3875-1823-402C-A2DF-F689A3B6067C}.Release|x64.Build.0 = Release|x64
		{2F5E3875-1823-402C-A2DF-F689A3B6067C}.Release|x86.ActiveCfg = Release|Win32
		{2F5E3875-1823-402C-A2DF-F689A3B6067C}.Release|x86.Build.0 = Release|Win32
		{04FBD4E1-CCD9-4476-8BEC-6A4B84932B07}.Debug|x64.ActiveCfg = Debug|x64
		{04FBD4E1-CCD9-4476-8BEC-6A4B84932B07}.Debug|x64.Build.0 = Debug|x64
		{04FBD4E1-CCD9-4476-8BEC-6A4B84932B07}.Debug|x86.ActiveCfg = Debug|Win32
		{04FBD4E1-CCD9-4476-8BEC-6A4B84932B07}.Debug|x86.Build.0 = Debug|Win32
		{04FBD4E1-CCD9-4476-8BEC-6A4B84932B07}.Release|x64.ActiveCfg = Release|x64
		{04FBD4E1-CCD9-4476-8BEC-6A4B84932B07}.Release|x64.Build.0 = Release|x64
		{04FBD4E1-CCD9-4476-8BEC-6A4B84932B07}.Release|x86.ActiveCfg = Release|Win32
		{04FBD4E1-CCD9-4476-8BEC-6A4B84932B07}.Release|x86.Build.0 = Release|Win32
		{68681BC9-FAC0-4F9A-A900-9183051EF92C}.Debug|x64.ActiveCfg = Debug|x64
		{68681BC9-FAC0-4F9A-A900-9183051EF92C}.Debug|x64.Build.0 = Debug|x64
		{68681BC9-FAC0-4F9A-A900-9183051EF92C}.Debug|x86.ActiveCfg = Debug|Win32
		{68681BC9-FAC0-4F9A-A900-9183051EF92C}.Debug|x86.Build.0 = Debug|Win32
		{68681BC9-FAC0-4F9A-A900-9183051EF92C}.Release|x64.ActiveCfg = Release|x64
		{68681BC9-FAC0-4F9A-A900-9183051EF92C}.Release|x64.Build.0 = Release|x64
		{68681BC9-FAC0-4F9A-A900-9183051EF92C}.Release|x86.ActiveCfg = Release|Win32
		{68681BC9-FAC0-4F9A-A900-9183051EF92C}.Release|x86.Build.0 = Release|Win32
		{58490592-904D-4EC8-9647-D432316BA6CE}.Debug|x64.ActiveCfg = Debug|x64
		{58490592-904D-4EC8-9647-D432316BA6CE}.Debug|x64.Build.0 = Debug|x64
		{58490592-904D-4EC8-9647-D432316BA6CE}.Debug|x86.ActiveCfg = Debug|Win32
		{58490592-904D-4EC8-9647-D432316BA6CE}.Debug|x86.Build.0 = Debug|Win32
		{58490592-904D-4EC8-9647-D432316BA6CE}.Release|x64.ActiveCfg = Release|x64
		{58490592-904D-4EC8-9647-D432316BA6CE}.Release|x64.Build.0 = Release|x64
		{58490592-904D-4EC8-9647-D432316BA6CE}.Release|x86.ActiveCfg = Release|Win32
		{58490592-904D-4EC8-9647-D432316BA6CE}.Release|x86.Build.0 = Release|Win32
		{E3F50FE7-DFE8-434F-8A15-49860977ABDC}.Debug|x64.ActiveCfg = Debug|x64
		{E3F50FE7-DFE8-434F-8A15-49860977ABDC}.Debug|x64.Build.0 = Debug|x64
		{E3F50FE7-DFE8-434F-8A15-49860977ABDC}.Debug|x86.ActiveCfg = Debug|Win32
		{E3F50FE7-DFE8-434F-8A15-49860977ABDC}.Debug|x86.Build.0 = Debug|Win32
		{E3F50FE7-DFE8-434F-8A15-49860977ABDC}.Release|x64.ActiveCfg = Release|x64
		{E3F50FE7-DFE8-434F-8A15-49860977ABDC}.Release|x64.Build.0 = Release|x64
		{E3F50FE7-DFE8-434F-8A15-49860977ABDC}.Release|x86.ActiveCfg = Release|Win32
		{E3F50FE7-DFE8-434F-8A15-49860977ABDC}.Release|x86.Build.0 = Release|Win32
		{418DDE9E-72C9-4844-9886-AC850F254077}.Debug|x64.ActiveCfg = Debug|x64
		{418DDE9E-72C9-4844-9886-AC850F254077}.Debug|x64.Build.0 = Debug|x64
		{418DDE9E-72C9-4844-9886-AC850F254077}.Debug|x86.ActiveCfg = Debug|Win32
		{418DDE9E-72C9-4844-9886-AC850F254077}.Debug|x86.Build.0 = Debug|Win32
		{418DDE9E-72C9-4844-9886-AC850F254077}.Release|x64.ActiveCfg = Release|x64
		{418DDE9E-72C9-4844-9886-AC850F254077}.Release|x64.Build.0 = Release|x64
		{418DDE9E-72C9-4844-9886-AC850F254077}.Release|x86.ActiveCfg = Release|Win32
		{418DDE9E-72C9-4844-9886-AC850F254077}.Release|x86.Build.0 = Release|Win32
	EndGlobalSection
	GlobalSection(SolutionProperties) = preSolution
		HideSolutionNode = FALSE
	EndGlobalSection
	GlobalSection(ExtensibilityGlobals) = postSolution
		SolutionGuid = {B8351A4B-4C23-41DF-A618-5D20F51EE25C}
	EndGlobalSection
EndGlobal
