
Microsoft Visual Studio Solution File, Format Version 12.00
# Visual Studio 15
VisualStudioVersion = 15.0.28307.2017
MinimumVisualStudioVersion = 10.0.40219.1
Project("{8BC9CEB8-8B4A-11D0-8D11-00A0C91BC942}") = "LG08_Q1", "LG08_Q1\LG08_Q1.vcxproj", "{2E843077-B34E-4AC5-BC37-5CB5B4E6E44C}"
EndProject
Project("{8BC9CEB8-8B4A-11D0-8D11-00A0C91BC942}") = "LG08_Q2", "LG08_Q2\LG08_Q2.vcxproj", "{BA179863-3657-4B20-96F2-970B939725A4}"
EndProject
Project("{8BC9CEB8-8B4A-11D0-8D11-00A0C91BC942}") = "LG08_Q3", "LG08_Q3\LG08_Q3.vcxproj", "{420DB7AC-578C-4947-9588-6F5006F581CE}"
EndProject
Global
	GlobalSection(SolutionConfigurationPlatforms) = preSolution
		Debug|x64 = Debug|x64
		Debug|x86 = Debug|x86
		Release|x64 = Release|x64
		Release|x86 = Release|x86
	EndGlobalSection
	GlobalSection(ProjectConfigurationPlatforms) = postSolution
		{2E843077-B34E-4AC5-BC37-5CB5B4E6E44C}.Debug|x64.ActiveCfg = Debug|x64
		{2E843077-B34E-4AC5-BC37-5CB5B4E6E44C}.Debug|x64.Build.0 = Debug|x64
		{2E843077-B34E-4AC5-BC37-5CB5B4E6E44C}.Debug|x86.ActiveCfg = Debug|Win32
		{2E843077-B34E-4AC5-BC37-5CB5B4E6E44C}.Debug|x86.Build.0 = Debug|Win32
		{2E843077-B34E-4AC5-BC37-5CB5B4E6E44C}.Release|x64.ActiveCfg = Release|x64
		{2E843077-B34E-4AC5-BC37-5CB5B4E6E44C}.Release|x64.Build.0 = Release|x64
		{2E843077-B34E-4AC5-BC37-5CB5B4E6E44C}.Release|x86.ActiveCfg = Release|Win32
		{2E843077-B34E-4AC5-BC37-5CB5B4E6E44C}.Release|x86.Build.0 = Release|Win32
		{BA179863-3657-4B20-96F2-970B939725A4}.Debug|x64.ActiveCfg = Debug|x64
		{BA179863-3657-4B20-96F2-970B939725A4}.Debug|x64.Build.0 = Debug|x64
		{BA179863-3657-4B20-96F2-970B939725A4}.Debug|x86.ActiveCfg = Debug|Win32
		{BA179863-3657-4B20-96F2-970B939725A4}.Debug|x86.Build.0 = Debug|Win32
		{BA179863-3657-4B20-96F2-970B939725A4}.Release|x64.ActiveCfg = Release|x64
		{BA179863-3657-4B20-96F2-970B939725A4}.Release|x64.Build.0 = Release|x64
		{BA179863-3657-4B20-96F2-970B939725A4}.Release|x86.ActiveCfg = Release|Win32
		{BA179863-3657-4B20-96F2-970B939725A4}.Release|x86.Build.0 = Release|Win32
		{420DB7AC-578C-4947-9588-6F5006F581CE}.Debug|x64.ActiveCfg = Debug|x64
		{420DB7AC-578C-4947-9588-6F5006F581CE}.Debug|x64.Build.0 = Debug|x64
		{420DB7AC-578C-4947-9588-6F5006F581CE}.Debug|x86.ActiveCfg = Debug|Win32
		{420DB7AC-578C-4947-9588-6F5006F581CE}.Debug|x86.Build.0 = Debug|Win32
		{420DB7AC-578C-4947-9588-6F5006F581CE}.Release|x64.ActiveCfg = Release|x64
		{420DB7AC-578C-4947-9588-6F5006F581CE}.Release|x64.Build.0 = Release|x64
		{420DB7AC-578C-4947-9588-6F5006F581CE}.Release|x86.ActiveCfg = Release|Win32
		{420DB7AC-578C-4947-9588-6F5006F581CE}.Release|x86.Build.0 = Release|Win32
	EndGlobalSection
	GlobalSection(SolutionProperties) = preSolution
		HideSolutionNode = FALSE
	EndGlobalSection
	GlobalSection(ExtensibilityGlobals) = postSolution
		SolutionGuid = {FF3B8886-33C5-43E6-8890-F96263DE9EBB}
	EndGlobalSection
EndGlobal
