
Microsoft Visual Studio Solution File, Format Version 12.00
# Visual Studio 15
VisualStudioVersion = 15.0.28307.2017
MinimumVisualStudioVersion = 10.0.40219.1
Project("{8BC9CEB8-8B4A-11D0-8D11-00A0C91BC942}") = "LG02_Q1", "LG02_Q1\LG02_Q1.vcxproj", "{9C6604AE-81A2-4346-9524-A8D8B5F9690B}"
EndProject
Project("{8BC9CEB8-8B4A-11D0-8D11-00A0C91BC942}") = "LG02_Q2", "LG02_Q2\LG02_Q2.vcxproj", "{0A4DD34B-4235-4554-8419-8501B4F47AA4}"
EndProject
Project("{8BC9CEB8-8B4A-11D0-8D11-00A0C91BC942}") = "LG02_Q3", "LG02_Q3\LG02_Q3.vcxproj", "{16CCD51F-E5D0-4BEC-9716-BDAADFDB17B6}"
EndProject
Project("{8BC9CEB8-8B4A-11D0-8D11-00A0C91BC942}") = "LG02_Q4", "LG02_Q4\LG02_Q4.vcxproj", "{C176018A-F87F-451B-A004-1BA2B0AA1327}"
EndProject
Project("{8BC9CEB8-8B4A-11D0-8D11-00A0C91BC942}") = "LG02_AQ1", "LG02_AQ1\LG02_AQ1.vcxproj", "{713B6F25-9058-4F9C-B83F-BFEC81A72B92}"
EndProject
Project("{8BC9CEB8-8B4A-11D0-8D11-00A0C91BC942}") = "LG02_AQ2", "LG02_AQ2\LG02_AQ2.vcxproj", "{3E36B48D-A885-44DD-B361-3561B1E9E666}"
EndProject
Global
	GlobalSection(SolutionConfigurationPlatforms) = preSolution
		Debug|x64 = Debug|x64
		Debug|x86 = Debug|x86
		Release|x64 = Release|x64
		Release|x86 = Release|x86
	EndGlobalSection
	GlobalSection(ProjectConfigurationPlatforms) = postSolution
		{9C6604AE-81A2-4346-9524-A8D8B5F9690B}.Debug|x64.ActiveCfg = Debug|x64
		{9C6604AE-81A2-4346-9524-A8D8B5F9690B}.Debug|x64.Build.0 = Debug|x64
		{9C6604AE-81A2-4346-9524-A8D8B5F9690B}.Debug|x86.ActiveCfg = Debug|Win32
		{9C6604AE-81A2-4346-9524-A8D8B5F9690B}.Debug|x86.Build.0 = Debug|Win32
		{9C6604AE-81A2-4346-9524-A8D8B5F9690B}.Release|x64.ActiveCfg = Release|x64
		{9C6604AE-81A2-4346-9524-A8D8B5F9690B}.Release|x64.Build.0 = Release|x64
		{9C6604AE-81A2-4346-9524-A8D8B5F9690B}.Release|x86.ActiveCfg = Release|Win32
		{9C6604AE-81A2-4346-9524-A8D8B5F9690B}.Release|x86.Build.0 = Release|Win32
		{0A4DD34B-4235-4554-8419-8501B4F47AA4}.Debug|x64.ActiveCfg = Debug|x64
		{0A4DD34B-4235-4554-8419-8501B4F47AA4}.Debug|x64.Build.0 = Debug|x64
		{0A4DD34B-4235-4554-8419-8501B4F47AA4}.Debug|x86.ActiveCfg = Debug|Win32
		{0A4DD34B-4235-4554-8419-8501B4F47AA4}.Debug|x86.Build.0 = Debug|Win32
		{0A4DD34B-4235-4554-8419-8501B4F47AA4}.Release|x64.ActiveCfg = Release|x64
		{0A4DD34B-4235-4554-8419-8501B4F47AA4}.Release|x64.Build.0 = Release|x64
		{0A4DD34B-4235-4554-8419-8501B4F47AA4}.Release|x86.ActiveCfg = Release|Win32
		{0A4DD34B-4235-4554-8419-8501B4F47AA4}.Release|x86.Build.0 = Release|Win32
		{16CCD51F-E5D0-4BEC-9716-BDAADFDB17B6}.Debug|x64.ActiveCfg = Debug|x64
		{16CCD51F-E5D0-4BEC-9716-BDAADFDB17B6}.Debug|x64.Build.0 = Debug|x64
		{16CCD51F-E5D0-4BEC-9716-BDAADFDB17B6}.Debug|x86.ActiveCfg = Debug|Win32
		{16CCD51F-E5D0-4BEC-9716-BDAADFDB17B6}.Debug|x86.Build.0 = Debug|Win32
		{16CCD51F-E5D0-4BEC-9716-BDAADFDB17B6}.Release|x64.ActiveCfg = Release|x64
		{16CCD51F-E5D0-4BEC-9716-BDAADFDB17B6}.Release|x64.Build.0 = Release|x64
		{16CCD51F-E5D0-4BEC-9716-BDAADFDB17B6}.Release|x86.ActiveCfg = Release|Win32
		{16CCD51F-E5D0-4BEC-9716-BDAADFDB17B6}.Release|x86.Build.0 = Release|Win32
		{C176018A-F87F-451B-A004-1BA2B0AA1327}.Debug|x64.ActiveCfg = Debug|x64
		{C176018A-F87F-451B-A004-1BA2B0AA1327}.Debug|x64.Build.0 = Debug|x64
		{C176018A-F87F-451B-A004-1BA2B0AA1327}.Debug|x86.ActiveCfg = Debug|Win32
		{C176018A-F87F-451B-A004-1BA2B0AA1327}.Debug|x86.Build.0 = Debug|Win32
		{C176018A-F87F-451B-A004-1BA2B0AA1327}.Release|x64.ActiveCfg = Release|x64
		{C176018A-F87F-451B-A004-1BA2B0AA1327}.Release|x64.Build.0 = Release|x64
		{C176018A-F87F-451B-A004-1BA2B0AA1327}.Release|x86.ActiveCfg = Release|Win32
		{C176018A-F87F-451B-A004-1BA2B0AA1327}.Release|x86.Build.0 = Release|Win32
		{713B6F25-9058-4F9C-B83F-BFEC81A72B92}.Debug|x64.ActiveCfg = Debug|x64
		{713B6F25-9058-4F9C-B83F-BFEC81A72B92}.Debug|x64.Build.0 = Debug|x64
		{713B6F25-9058-4F9C-B83F-BFEC81A72B92}.Debug|x86.ActiveCfg = Debug|Win32
		{713B6F25-9058-4F9C-B83F-BFEC81A72B92}.Debug|x86.Build.0 = Debug|Win32
		{713B6F25-9058-4F9C-B83F-BFEC81A72B92}.Release|x64.ActiveCfg = Release|x64
		{713B6F25-9058-4F9C-B83F-BFEC81A72B92}.Release|x64.Build.0 = Release|x64
		{713B6F25-9058-4F9C-B83F-BFEC81A72B92}.Release|x86.ActiveCfg = Release|Win32
		{713B6F25-9058-4F9C-B83F-BFEC81A72B92}.Release|x86.Build.0 = Release|Win32
		{3E36B48D-A885-44DD-B361-3561B1E9E666}.Debug|x64.ActiveCfg = Debug|x64
		{3E36B48D-A885-44DD-B361-3561B1E9E666}.Debug|x64.Build.0 = Debug|x64
		{3E36B48D-A885-44DD-B361-3561B1E9E666}.Debug|x86.ActiveCfg = Debug|Win32
		{3E36B48D-A885-44DD-B361-3561B1E9E666}.Debug|x86.Build.0 = Debug|Win32
		{3E36B48D-A885-44DD-B361-3561B1E9E666}.Release|x64.ActiveCfg = Release|x64
		{3E36B48D-A885-44DD-B361-3561B1E9E666}.Release|x64.Build.0 = Release|x64
		{3E36B48D-A885-44DD-B361-3561B1E9E666}.Release|x86.ActiveCfg = Release|Win32
		{3E36B48D-A885-44DD-B361-3561B1E9E666}.Release|x86.Build.0 = Release|Win32
	EndGlobalSection
	GlobalSection(SolutionProperties) = preSolution
		HideSolutionNode = FALSE
	EndGlobalSection
	GlobalSection(ExtensibilityGlobals) = postSolution
		SolutionGuid = {D66729A2-FAB3-4015-8D6B-CB11BEFCE332}
	EndGlobalSection
EndGlobal
