
Microsoft Visual Studio Solution File, Format Version 12.00
# Visual Studio Version 17
VisualStudioVersion = 17.8.34525.116
MinimumVisualStudioVersion = 10.0.40219.1
Project("{2150E333-8FDC-42A3-9474-1A3956D46DE8}") = "EQ1", "EQ1", "{DFCB975C-4A8C-4737-BD31-F9A9BE9DDB6B}"
	ProjectSection(SolutionItems) = preProject
		EQ1\ExtraQuestion01.pdf = EQ1\ExtraQuestion01.pdf
	EndProjectSection
EndProject
Project("{2150E333-8FDC-42A3-9474-1A3956D46DE8}") = "EQ2", "EQ2", "{B49F6916-12A7-4138-A96B-85D3B775B87C}"
	ProjectSection(SolutionItems) = preProject
		EQ2\ExtraQuestion02.pdf = EQ2\ExtraQuestion02.pdf
	EndProjectSection
EndProject
Project("{2150E333-8FDC-42A3-9474-1A3956D46DE8}") = "EQ3", "EQ3", "{9A0729FB-25A6-4204-BA2E-6473D3B39D05}"
	ProjectSection(SolutionItems) = preProject
		EQ3\ExtraQuestion03.pdf = EQ3\ExtraQuestion03.pdf
	EndProjectSection
EndProject
Project("{2150E333-8FDC-42A3-9474-1A3956D46DE8}") = "EQ4", "EQ4", "{463F0849-D9A6-4935-B527-CFC146F38367}"
	ProjectSection(SolutionItems) = preProject
		EQ4\ExtraQuestion04.pdf = EQ4\ExtraQuestion04.pdf
	EndProjectSection
EndProject
Project("{2150E333-8FDC-42A3-9474-1A3956D46DE8}") = "EQ5", "EQ5", "{687FB41D-FF93-4704-A799-39C9A6DCFDB8}"
	ProjectSection(SolutionItems) = preProject
		EQ5\ExtraQuestion05.pdf = EQ5\ExtraQuestion05.pdf
	EndProjectSection
EndProject
Project("{8BC9CEB8-8B4A-11D0-8D11-00A0C91BC942}") = "EQ1", "EQ1\EQ1\EQ1.vcxproj", "{7384CF6F-3B03-4AE0-A530-A2EEB48CEC87}"
EndProject
Project("{8BC9CEB8-8B4A-11D0-8D11-00A0C91BC942}") = "EQ2", "EQ2\EQ2\EQ2.vcxproj", "{C03DDD89-8FC9-41E5-803B-A718797DDFCE}"
EndProject
Project("{8BC9CEB8-8B4A-11D0-8D11-00A0C91BC942}") = "EQ3", "EQ3\EQ3\EQ3.vcxproj", "{AF2B2C53-E99A-41D8-B2FC-6A3B48E17669}"
EndProject
Project("{8BC9CEB8-8B4A-11D0-8D11-00A0C91BC942}") = "EQ4", "EQ4\EQ4\EQ4.vcxproj", "{808C8BE3-699E-45A1-8975-5B2F87B5335C}"
EndProject
Project("{8BC9CEB8-8B4A-11D0-8D11-00A0C91BC942}") = "EQ5", "EQ5\EQ5\EQ5.vcxproj", "{8E422097-606B-40F5-9B8B-AE21B6D875B6}"
EndProject
Global
	GlobalSection(SolutionConfigurationPlatforms) = preSolution
		Debug|x64 = Debug|x64
		Debug|x86 = Debug|x86
		Release|x64 = Release|x64
		Release|x86 = Release|x86
	EndGlobalSection
	GlobalSection(ProjectConfigurationPlatforms) = postSolution
		{7384CF6F-3B03-4AE0-A530-A2EEB48CEC87}.Debug|x64.ActiveCfg = Debug|x64
		{7384CF6F-3B03-4AE0-A530-A2EEB48CEC87}.Debug|x64.Build.0 = Debug|x64
		{7384CF6F-3B03-4AE0-A530-A2EEB48CEC87}.Debug|x86.ActiveCfg = Debug|Win32
		{7384CF6F-3B03-4AE0-A530-A2EEB48CEC87}.Debug|x86.Build.0 = Debug|Win32
		{7384CF6F-3B03-4AE0-A530-A2EEB48CEC87}.Release|x64.ActiveCfg = Release|x64
		{7384CF6F-3B03-4AE0-A530-A2EEB48CEC87}.Release|x64.Build.0 = Release|x64
		{7384CF6F-3B03-4AE0-A530-A2EEB48CEC87}.Release|x86.ActiveCfg = Release|Win32
		{7384CF6F-3B03-4AE0-A530-A2EEB48CEC87}.Release|x86.Build.0 = Release|Win32
		{C03DDD89-8FC9-41E5-803B-A718797DDFCE}.Debug|x64.ActiveCfg = Debug|x64
		{C03DDD89-8FC9-41E5-803B-A718797DDFCE}.Debug|x64.Build.0 = Debug|x64
		{C03DDD89-8FC9-41E5-803B-A718797DDFCE}.Debug|x86.ActiveCfg = Debug|Win32
		{C03DDD89-8FC9-41E5-803B-A718797DDFCE}.Debug|x86.Build.0 = Debug|Win32
		{C03DDD89-8FC9-41E5-803B-A718797DDFCE}.Release|x64.ActiveCfg = Release|x64
		{C03DDD89-8FC9-41E5-803B-A718797DDFCE}.Release|x64.Build.0 = Release|x64
		{C03DDD89-8FC9-41E5-803B-A718797DDFCE}.Release|x86.ActiveCfg = Release|Win32
		{C03DDD89-8FC9-41E5-803B-A718797DDFCE}.Release|x86.Build.0 = Release|Win32
		{AF2B2C53-E99A-41D8-B2FC-6A3B48E17669}.Debug|x64.ActiveCfg = Debug|x64
		{AF2B2C53-E99A-41D8-B2FC-6A3B48E17669}.Debug|x64.Build.0 = Debug|x64
		{AF2B2C53-E99A-41D8-B2FC-6A3B48E17669}.Debug|x86.ActiveCfg = Debug|Win32
		{AF2B2C53-E99A-41D8-B2FC-6A3B48E17669}.Debug|x86.Build.0 = Debug|Win32
		{AF2B2C53-E99A-41D8-B2FC-6A3B48E17669}.Release|x64.ActiveCfg = Release|x64
		{AF2B2C53-E99A-41D8-B2FC-6A3B48E17669}.Release|x64.Build.0 = Release|x64
		{AF2B2C53-E99A-41D8-B2FC-6A3B48E17669}.Release|x86.ActiveCfg = Release|Win32
		{AF2B2C53-E99A-41D8-B2FC-6A3B48E17669}.Release|x86.Build.0 = Release|Win32
		{808C8BE3-699E-45A1-8975-5B2F87B5335C}.Debug|x64.ActiveCfg = Debug|x64
		{808C8BE3-699E-45A1-8975-5B2F87B5335C}.Debug|x64.Build.0 = Debug|x64
		{808C8BE3-699E-45A1-8975-5B2F87B5335C}.Debug|x86.ActiveCfg = Debug|Win32
		{808C8BE3-699E-45A1-8975-5B2F87B5335C}.Debug|x86.Build.0 = Debug|Win32
		{808C8BE3-699E-45A1-8975-5B2F87B5335C}.Release|x64.ActiveCfg = Release|x64
		{808C8BE3-699E-45A1-8975-5B2F87B5335C}.Release|x64.Build.0 = Release|x64
		{808C8BE3-699E-45A1-8975-5B2F87B5335C}.Release|x86.ActiveCfg = Release|Win32
		{808C8BE3-699E-45A1-8975-5B2F87B5335C}.Release|x86.Build.0 = Release|Win32
		{8E422097-606B-40F5-9B8B-AE21B6D875B6}.Debug|x64.ActiveCfg = Debug|x64
		{8E422097-606B-40F5-9B8B-AE21B6D875B6}.Debug|x64.Build.0 = Debug|x64
		{8E422097-606B-40F5-9B8B-AE21B6D875B6}.Debug|x86.ActiveCfg = Debug|Win32
		{8E422097-606B-40F5-9B8B-AE21B6D875B6}.Debug|x86.Build.0 = Debug|Win32
		{8E422097-606B-40F5-9B8B-AE21B6D875B6}.Release|x64.ActiveCfg = Release|x64
		{8E422097-606B-40F5-9B8B-AE21B6D875B6}.Release|x64.Build.0 = Release|x64
		{8E422097-606B-40F5-9B8B-AE21B6D875B6}.Release|x86.ActiveCfg = Release|Win32
		{8E422097-606B-40F5-9B8B-AE21B6D875B6}.Release|x86.Build.0 = Release|Win32
	EndGlobalSection
	GlobalSection(SolutionProperties) = preSolution
		HideSolutionNode = FALSE
	EndGlobalSection
	GlobalSection(NestedProjects) = preSolution
		{7384CF6F-3B03-4AE0-A530-A2EEB48CEC87} = {DFCB975C-4A8C-4737-BD31-F9A9BE9DDB6B}
		{C03DDD89-8FC9-41E5-803B-A718797DDFCE} = {B49F6916-12A7-4138-A96B-85D3B775B87C}
		{AF2B2C53-E99A-41D8-B2FC-6A3B48E17669} = {9A0729FB-25A6-4204-BA2E-6473D3B39D05}
		{808C8BE3-699E-45A1-8975-5B2F87B5335C} = {463F0849-D9A6-4935-B527-CFC146F38367}
		{8E422097-606B-40F5-9B8B-AE21B6D875B6} = {687FB41D-FF93-4704-A799-39C9A6DCFDB8}
	EndGlobalSection
	GlobalSection(ExtensibilityGlobals) = postSolution
		SolutionGuid = {49D8A15B-6262-4D67-A633-595C9616E25C}
	EndGlobalSection
EndGlobal
