
Microsoft Visual Studio Solution File, Format Version 12.00
# Visual Studio Version 17
VisualStudioVersion = 17.10.35122.118
MinimumVisualStudioVersion = 10.0.40219.1
Project("{8BC9CEB8-8B4A-11D0-8D11-00A0C91BC942}") = "LG07_Q1", "LG07_Q1\LG07_Q1.vcxproj", "{7521CD06-541C-423F-8C35-D3BBFACBC06C}"
EndProject
Project("{8BC9CEB8-8B4A-11D0-8D11-00A0C91BC942}") = "LG07_Q2", "LG07_Q2\LG07_Q2.vcxproj", "{11B9E577-80BE-473A-948F-B9AC45D219B8}"
EndProject
Project("{8BC9CEB8-8B4A-11D0-8D11-00A0C91BC942}") = "LG07_Q3", "LG07_Q3\LG07_Q3.vcxproj", "{7DD0EED3-2E3E-400F-869D-97AB4B5E087D}"
EndProject
Project("{8BC9CEB8-8B4A-11D0-8D11-00A0C91BC942}") = "LG07_Q4", "LG07_Q4\LG07_Q4.vcxproj", "{F330D8A4-7B78-4356-8C43-44F5CCE37C28}"
EndProject
Project("{8BC9CEB8-8B4A-11D0-8D11-00A0C91BC942}") = "LG07_AQ", "LG07_AQ\LG07_AQ.vcxproj", "{11DBC9B4-754C-4E25-8114-B75B4E6EAC57}"
EndProject
Global
	GlobalSection(SolutionConfigurationPlatforms) = preSolution
		Debug|x64 = Debug|x64
		Debug|x86 = Debug|x86
		Release|x64 = Release|x64
		Release|x86 = Release|x86
	EndGlobalSection
	GlobalSection(ProjectConfigurationPlatforms) = postSolution
		{7521CD06-541C-423F-8C35-D3BBFACBC06C}.Debug|x64.ActiveCfg = Debug|x64
		{7521CD06-541C-423F-8C35-D3BBFACBC06C}.Debug|x64.Build.0 = Debug|x64
		{7521CD06-541C-423F-8C35-D3BBFACBC06C}.Debug|x86.ActiveCfg = Debug|Win32
		{7521CD06-541C-423F-8C35-D3BBFACBC06C}.Debug|x86.Build.0 = Debug|Win32
		{7521CD06-541C-423F-8C35-D3BBFACBC06C}.Release|x64.ActiveCfg = Release|x64
		{7521CD06-541C-423F-8C35-D3BBFACBC06C}.Release|x64.Build.0 = Release|x64
		{7521CD06-541C-423F-8C35-D3BBFACBC06C}.Release|x86.ActiveCfg = Release|Win32
		{7521CD06-541C-423F-8C35-D3BBFACBC06C}.Release|x86.Build.0 = Release|Win32
		{11B9E577-80BE-473A-948F-B9AC45D219B8}.Debug|x64.ActiveCfg = Debug|x64
		{11B9E577-80BE-473A-948F-B9AC45D219B8}.Debug|x64.Build.0 = Debug|x64
		{11B9E577-80BE-473A-948F-B9AC45D219B8}.Debug|x86.ActiveCfg = Debug|Win32
		{11B9E577-80BE-473A-948F-B9AC45D219B8}.Debug|x86.Build.0 = Debug|Win32
		{11B9E577-80BE-473A-948F-B9AC45D219B8}.Release|x64.ActiveCfg = Release|x64
		{11B9E577-80BE-473A-948F-B9AC45D219B8}.Release|x64.Build.0 = Release|x64
		{11B9E577-80BE-473A-948F-B9AC45D219B8}.Release|x86.ActiveCfg = Release|Win32
		{11B9E577-80BE-473A-948F-B9AC45D219B8}.Release|x86.Build.0 = Release|Win32
		{7DD0EED3-2E3E-400F-869D-97AB4B5E087D}.Debug|x64.ActiveCfg = Debug|x64
		{7DD0EED3-2E3E-400F-869D-97AB4B5E087D}.Debug|x64.Build.0 = Debug|x64
		{7DD0EED3-2E3E-400F-869D-97AB4B5E087D}.Debug|x86.ActiveCfg = Debug|Win32
		{7DD0EED3-2E3E-400F-869D-97AB4B5E087D}.Debug|x86.Build.0 = Debug|Win32
		{7DD0EED3-2E3E-400F-869D-97AB4B5E087D}.Release|x64.ActiveCfg = Release|x64
		{7DD0EED3-2E3E-400F-869D-97AB4B5E087D}.Release|x64.Build.0 = Release|x64
		{7DD0EED3-2E3E-400F-869D-97AB4B5E087D}.Release|x86.ActiveCfg = Release|Win32
		{7DD0EED3-2E3E-400F-869D-97AB4B5E087D}.Release|x86.Build.0 = Release|Win32
		{F330D8A4-7B78-4356-8C43-44F5CCE37C28}.Debug|x64.ActiveCfg = Debug|x64
		{F330D8A4-7B78-4356-8C43-44F5CCE37C28}.Debug|x64.Build.0 = Debug|x64
		{F330D8A4-7B78-4356-8C43-44F5CCE37C28}.Debug|x86.ActiveCfg = Debug|Win32
		{F330D8A4-7B78-4356-8C43-44F5CCE37C28}.Debug|x86.Build.0 = Debug|Win32
		{F330D8A4-7B78-4356-8C43-44F5CCE37C28}.Release|x64.ActiveCfg = Release|x64
		{F330D8A4-7B78-4356-8C43-44F5CCE37C28}.Release|x64.Build.0 = Release|x64
		{F330D8A4-7B78-4356-8C43-44F5CCE37C28}.Release|x86.ActiveCfg = Release|Win32
		{F330D8A4-7B78-4356-8C43-44F5CCE37C28}.Release|x86.Build.0 = Release|Win32
		{11DBC9B4-754C-4E25-8114-B75B4E6EAC57}.Debug|x64.ActiveCfg = Debug|x64
		{11DBC9B4-754C-4E25-8114-B75B4E6EAC57}.Debug|x64.Build.0 = Debug|x64
		{11DBC9B4-754C-4E25-8114-B75B4E6EAC57}.Debug|x86.ActiveCfg = Debug|Win32
		{11DBC9B4-754C-4E25-8114-B75B4E6EAC57}.Debug|x86.Build.0 = Debug|Win32
		{11DBC9B4-754C-4E25-8114-B75B4E6EAC57}.Release|x64.ActiveCfg = Release|x64
		{11DBC9B4-754C-4E25-8114-B75B4E6EAC57}.Release|x64.Build.0 = Release|x64
		{11DBC9B4-754C-4E25-8114-B75B4E6EAC57}.Release|x86.ActiveCfg = Release|Win32
		{11DBC9B4-754C-4E25-8114-B75B4E6EAC57}.Release|x86.Build.0 = Release|Win32
	EndGlobalSection
	GlobalSection(SolutionProperties) = preSolution
		HideSolutionNode = FALSE
	EndGlobalSection
	GlobalSection(ExtensibilityGlobals) = postSolution
		SolutionGuid = {4ADA03FA-4F43-4CBF-8BD4-40D0105DBACC}
	EndGlobalSection
EndGlobal
