
Microsoft Visual Studio Solution File, Format Version 12.00
# Visual Studio 15
VisualStudioVersion = 15.0.28307.2017
MinimumVisualStudioVersion = 10.0.40219.1
Project("{8BC9CEB8-8B4A-11D0-8D11-00A0C91BC942}") = "LG09_Q1", "LG09_Q1\LG09_Q1.vcxproj", "{C9DBB72A-3BAF-46B7-953A-260F95257D29}"
EndProject
Project("{8BC9CEB8-8B4A-11D0-8D11-00A0C91BC942}") = "LG09_Q2a", "LG09_Q2\LG09_Q2.vcxproj", "{997BEFE5-4E92-4816-8E3E-D336E4F69A70}"
EndProject
Project("{8BC9CEB8-8B4A-11D0-8D11-00A0C91BC942}") = "LG09_Q2b", "LG09_Q2b\LG09_Q2b.vcxproj", "{5702BB22-82AC-4E21-8DC3-EC3C95ACD019}"
EndProject
Project("{8BC9CEB8-8B4A-11D0-8D11-00A0C91BC942}") = "LG09_Q3", "LG09_Q3\LG09_Q3.vcxproj", "{3BE7A34C-9E09-48AA-988C-B701F29C5237}"
EndProject
Project("{8BC9CEB8-8B4A-11D0-8D11-00A0C91BC942}") = "LG09_Q4", "LG09_Q4\LG09_Q4.vcxproj", "{A3CB82C8-3925-4EE0-AEB5-4A41E578212A}"
EndProject
Project("{8BC9CEB8-8B4A-11D0-8D11-00A0C91BC942}") = "LG09_Q5", "LG09_Q5\LG09_Q5.vcxproj", "{C060615C-1852-44F8-8114-08B32A239DCB}"
EndProject
Project("{8BC9CEB8-8B4A-11D0-8D11-00A0C91BC942}") = "LG09_AQ1", "LG09_AQ1\LG09_AQ1.vcxproj", "{B038F162-0C48-4E82-9D08-E07715497848}"
EndProject
Global
	GlobalSection(SolutionConfigurationPlatforms) = preSolution
		Debug|x64 = Debug|x64
		Debug|x86 = Debug|x86
		Release|x64 = Release|x64
		Release|x86 = Release|x86
	EndGlobalSection
	GlobalSection(ProjectConfigurationPlatforms) = postSolution
		{C9DBB72A-3BAF-46B7-953A-260F95257D29}.Debug|x64.ActiveCfg = Debug|x64
		{C9DBB72A-3BAF-46B7-953A-260F95257D29}.Debug|x64.Build.0 = Debug|x64
		{C9DBB72A-3BAF-46B7-953A-260F95257D29}.Debug|x86.ActiveCfg = Debug|Win32
		{C9DBB72A-3BAF-46B7-953A-260F95257D29}.Debug|x86.Build.0 = Debug|Win32
		{C9DBB72A-3BAF-46B7-953A-260F95257D29}.Release|x64.ActiveCfg = Release|x64
		{C9DBB72A-3BAF-46B7-953A-260F95257D29}.Release|x64.Build.0 = Release|x64
		{C9DBB72A-3BAF-46B7-953A-260F95257D29}.Release|x86.ActiveCfg = Release|Win32
		{C9DBB72A-3BAF-46B7-953A-260F95257D29}.Release|x86.Build.0 = Release|Win32
		{997BEFE5-4E92-4816-8E3E-D336E4F69A70}.Debug|x64.ActiveCfg = Debug|x64
		{997BEFE5-4E92-4816-8E3E-D336E4F69A70}.Debug|x64.Build.0 = Debug|x64
		{997BEFE5-4E92-4816-8E3E-D336E4F69A70}.Debug|x86.ActiveCfg = Debug|Win32
		{997BEFE5-4E92-4816-8E3E-D336E4F69A70}.Debug|x86.Build.0 = Debug|Win32
		{997BEFE5-4E92-4816-8E3E-D336E4F69A70}.Release|x64.ActiveCfg = Release|x64
		{997BEFE5-4E92-4816-8E3E-D336E4F69A70}.Release|x64.Build.0 = Release|x64
		{997BEFE5-4E92-4816-8E3E-D336E4F69A70}.Release|x86.ActiveCfg = Release|Win32
		{997BEFE5-4E92-4816-8E3E-D336E4F69A70}.Release|x86.Build.0 = Release|Win32
		{5702BB22-82AC-4E21-8DC3-EC3C95ACD019}.Debug|x64.ActiveCfg = Debug|x64
		{5702BB22-82AC-4E21-8DC3-EC3C95ACD019}.Debug|x64.Build.0 = Debug|x64
		{5702BB22-82AC-4E21-8DC3-EC3C95ACD019}.Debug|x86.ActiveCfg = Debug|Win32
		{5702BB22-82AC-4E21-8DC3-EC3C95ACD019}.Debug|x86.Build.0 = Debug|Win32
		{5702BB22-82AC-4E21-8DC3-EC3C95ACD019}.Release|x64.ActiveCfg = Release|x64
		{5702BB22-82AC-4E21-8DC3-EC3C95ACD019}.Release|x64.Build.0 = Release|x64
		{5702BB22-82AC-4E21-8DC3-EC3C95ACD019}.Release|x86.ActiveCfg = Release|Win32
		{5702BB22-82AC-4E21-8DC3-EC3C95ACD019}.Release|x86.Build.0 = Release|Win32
		{3BE7A34C-9E09-48AA-988C-B701F29C5237}.Debug|x64.ActiveCfg = Debug|x64
		{3BE7A34C-9E09-48AA-988C-B701F29C5237}.Debug|x64.Build.0 = Debug|x64
		{3BE7A34C-9E09-48AA-988C-B701F29C5237}.Debug|x86.ActiveCfg = Debug|Win32
		{3BE7A34C-9E09-48AA-988C-B701F29C5237}.Debug|x86.Build.0 = Debug|Win32
		{3BE7A34C-9E09-48AA-988C-B701F29C5237}.Release|x64.ActiveCfg = Release|x64
		{3BE7A34C-9E09-48AA-988C-B701F29C5237}.Release|x64.Build.0 = Release|x64
		{3BE7A34C-9E09-48AA-988C-B701F29C5237}.Release|x86.ActiveCfg = Release|Win32
		{3BE7A34C-9E09-48AA-988C-B701F29C5237}.Release|x86.Build.0 = Release|Win32
		{A3CB82C8-3925-4EE0-AEB5-4A41E578212A}.Debug|x64.ActiveCfg = Debug|x64
		{A3CB82C8-3925-4EE0-AEB5-4A41E578212A}.Debug|x64.Build.0 = Debug|x64
		{A3CB82C8-3925-4EE0-AEB5-4A41E578212A}.Debug|x86.ActiveCfg = Debug|Win32
		{A3CB82C8-3925-4EE0-AEB5-4A41E578212A}.Debug|x86.Build.0 = Debug|Win32
		{A3CB82C8-3925-4EE0-AEB5-4A41E578212A}.Release|x64.ActiveCfg = Release|x64
		{A3CB82C8-3925-4EE0-AEB5-4A41E578212A}.Release|x64.Build.0 = Release|x64
		{A3CB82C8-3925-4EE0-AEB5-4A41E578212A}.Release|x86.ActiveCfg = Release|Win32
		{A3CB82C8-3925-4EE0-AEB5-4A41E578212A}.Release|x86.Build.0 = Release|Win32
		{C060615C-1852-44F8-8114-08B32A239DCB}.Debug|x64.ActiveCfg = Debug|x64
		{C060615C-1852-44F8-8114-08B32A239DCB}.Debug|x64.Build.0 = Debug|x64
		{C060615C-1852-44F8-8114-08B32A239DCB}.Debug|x86.ActiveCfg = Debug|Win32
		{C060615C-1852-44F8-8114-08B32A239DCB}.Debug|x86.Build.0 = Debug|Win32
		{C060615C-1852-44F8-8114-08B32A239DCB}.Release|x64.ActiveCfg = Release|x64
		{C060615C-1852-44F8-8114-08B32A239DCB}.Release|x64.Build.0 = Release|x64
		{C060615C-1852-44F8-8114-08B32A239DCB}.Release|x86.ActiveCfg = Release|Win32
		{C060615C-1852-44F8-8114-08B32A239DCB}.Release|x86.Build.0 = Release|Win32
		{B038F162-0C48-4E82-9D08-E07715497848}.Debug|x64.ActiveCfg = Debug|x64
		{B038F162-0C48-4E82-9D08-E07715497848}.Debug|x64.Build.0 = Debug|x64
		{B038F162-0C48-4E82-9D08-E07715497848}.Debug|x86.ActiveCfg = Debug|Win32
		{B038F162-0C48-4E82-9D08-E07715497848}.Debug|x86.Build.0 = Debug|Win32
		{B038F162-0C48-4E82-9D08-E07715497848}.Release|x64.ActiveCfg = Release|x64
		{B038F162-0C48-4E82-9D08-E07715497848}.Release|x64.Build.0 = Release|x64
		{B038F162-0C48-4E82-9D08-E07715497848}.Release|x86.ActiveCfg = Release|Win32
		{B038F162-0C48-4E82-9D08-E07715497848}.Release|x86.Build.0 = Release|Win32
	EndGlobalSection
	GlobalSection(SolutionProperties) = preSolution
		HideSolutionNode = FALSE
	EndGlobalSection
	GlobalSection(ExtensibilityGlobals) = postSolution
		SolutionGuid = {204F4697-F0FD-4A0F-9CE7-BAC634C10BF4}
	EndGlobalSection
EndGlobal
