
Microsoft Visual Studio Solution File, Format Version 12.00
# Visual Studio 15
VisualStudioVersion = 15.0.28307.2017
MinimumVisualStudioVersion = 10.0.40219.1
Project("{8BC9CEB8-8B4A-11D0-8D11-00A0C91BC942}") = "LG14_Q1a", "LG14_Q1a\LG14_Q1a.vcxproj", "{9043F43C-A717-437D-A81E-119342C69FAF}"
EndProject
Project("{8BC9CEB8-8B4A-11D0-8D11-00A0C91BC942}") = "LG14_Q1b", "LG14_Q1b\LG14_Q1b.vcxproj", "{2E0F41BF-441D-40AA-8962-43F707B16E2A}"
EndProject
Project("{8BC9CEB8-8B4A-11D0-8D11-00A0C91BC942}") = "LG14_Q1c", "LG14_Q1c\LG14_Q1c.vcxproj", "{0AE8204D-F0C7-4928-9401-4B8CA669B18C}"
EndProject
Project("{8BC9CEB8-8B4A-11D0-8D11-00A0C91BC942}") = "LG14_Q2", "LG14_Q2\LG14_Q2.vcxproj", "{E5C044B5-1DD7-46DB-A928-797D4FD053D3}"
EndProject
Project("{8BC9CEB8-8B4A-11D0-8D11-00A0C91BC942}") = "LG14_Q3a", "LG14_Q3a\LG14_Q3a.vcxproj", "{C167B618-9CB0-4A94-94A6-871D7A3BB627}"
EndProject
Project("{8BC9CEB8-8B4A-11D0-8D11-00A0C91BC942}") = "LG14_Q3b", "LG14_Q3b\LG14_Q3b.vcxproj", "{0D646D55-0126-4164-BFFB-04B782CF6DE5}"
EndProject
Project("{8BC9CEB8-8B4A-11D0-8D11-00A0C91BC942}") = "LG14_Q4a", "LG14_Q4a\LG14_Q4a.vcxproj", "{7908A3B0-CB7C-4514-98E1-0EB8E5320ACA}"
EndProject
Global
	GlobalSection(SolutionConfigurationPlatforms) = preSolution
		Debug|x64 = Debug|x64
		Debug|x86 = Debug|x86
		Release|x64 = Release|x64
		Release|x86 = Release|x86
	EndGlobalSection
	GlobalSection(ProjectConfigurationPlatforms) = postSolution
		{9043F43C-A717-437D-A81E-119342C69FAF}.Debug|x64.ActiveCfg = Debug|x64
		{9043F43C-A717-437D-A81E-119342C69FAF}.Debug|x64.Build.0 = Debug|x64
		{9043F43C-A717-437D-A81E-119342C69FAF}.Debug|x86.ActiveCfg = Debug|Win32
		{9043F43C-A717-437D-A81E-119342C69FAF}.Debug|x86.Build.0 = Debug|Win32
		{9043F43C-A717-437D-A81E-119342C69FAF}.Release|x64.ActiveCfg = Release|x64
		{9043F43C-A717-437D-A81E-119342C69FAF}.Release|x64.Build.0 = Release|x64
		{9043F43C-A717-437D-A81E-119342C69FAF}.Release|x86.ActiveCfg = Release|Win32
		{9043F43C-A717-437D-A81E-119342C69FAF}.Release|x86.Build.0 = Release|Win32
		{2E0F41BF-441D-40AA-8962-43F707B16E2A}.Debug|x64.ActiveCfg = Debug|x64
		{2E0F41BF-441D-40AA-8962-43F707B16E2A}.Debug|x64.Build.0 = Debug|x64
		{2E0F41BF-441D-40AA-8962-43F707B16E2A}.Debug|x86.ActiveCfg = Debug|Win32
		{2E0F41BF-441D-40AA-8962-43F707B16E2A}.Debug|x86.Build.0 = Debug|Win32
		{2E0F41BF-441D-40AA-8962-43F707B16E2A}.Release|x64.ActiveCfg = Release|x64
		{2E0F41BF-441D-40AA-8962-43F707B16E2A}.Release|x64.Build.0 = Release|x64
		{2E0F41BF-441D-40AA-8962-43F707B16E2A}.Release|x86.ActiveCfg = Release|Win32
		{2E0F41BF-441D-40AA-8962-43F707B16E2A}.Release|x86.Build.0 = Release|Win32
		{0AE8204D-F0C7-4928-9401-4B8CA669B18C}.Debug|x64.ActiveCfg = Debug|x64
		{0AE8204D-F0C7-4928-9401-4B8CA669B18C}.Debug|x64.Build.0 = Debug|x64
		{0AE8204D-F0C7-4928-9401-4B8CA669B18C}.Debug|x86.ActiveCfg = Debug|Win32
		{0AE8204D-F0C7-4928-9401-4B8CA669B18C}.Debug|x86.Build.0 = Debug|Win32
		{0AE8204D-F0C7-4928-9401-4B8CA669B18C}.Release|x64.ActiveCfg = Release|x64
		{0AE8204D-F0C7-4928-9401-4B8CA669B18C}.Release|x64.Build.0 = Release|x64
		{0AE8204D-F0C7-4928-9401-4B8CA669B18C}.Release|x86.ActiveCfg = Release|Win32
		{0AE8204D-F0C7-4928-9401-4B8CA669B18C}.Release|x86.Build.0 = Release|Win32
		{E5C044B5-1DD7-46DB-A928-797D4FD053D3}.Debug|x64.ActiveCfg = Debug|x64
		{E5C044B5-1DD7-46DB-A928-797D4FD053D3}.Debug|x64.Build.0 = Debug|x64
		{E5C044B5-1DD7-46DB-A928-797D4FD053D3}.Debug|x86.ActiveCfg = Debug|Win32
		{E5C044B5-1DD7-46DB-A928-797D4FD053D3}.Debug|x86.Build.0 = Debug|Win32
		{E5C044B5-1DD7-46DB-A928-797D4FD053D3}.Release|x64.ActiveCfg = Release|x64
		{E5C044B5-1DD7-46DB-A928-797D4FD053D3}.Release|x64.Build.0 = Release|x64
		{E5C044B5-1DD7-46DB-A928-797D4FD053D3}.Release|x86.ActiveCfg = Release|Win32
		{E5C044B5-1DD7-46DB-A928-797D4FD053D3}.Release|x86.Build.0 = Release|Win32
		{C167B618-9CB0-4A94-94A6-871D7A3BB627}.Debug|x64.ActiveCfg = Debug|x64
		{C167B618-9CB0-4A94-94A6-871D7A3BB627}.Debug|x64.Build.0 = Debug|x64
		{C167B618-9CB0-4A94-94A6-871D7A3BB627}.Debug|x86.ActiveCfg = Debug|Win32
		{C167B618-9CB0-4A94-94A6-871D7A3BB627}.Debug|x86.Build.0 = Debug|Win32
		{C167B618-9CB0-4A94-94A6-871D7A3BB627}.Release|x64.ActiveCfg = Release|x64
		{C167B618-9CB0-4A94-94A6-871D7A3BB627}.Release|x64.Build.0 = Release|x64
		{C167B618-9CB0-4A94-94A6-871D7A3BB627}.Release|x86.ActiveCfg = Release|Win32
		{C167B618-9CB0-4A94-94A6-871D7A3BB627}.Release|x86.Build.0 = Release|Win32
		{0D646D55-0126-4164-BFFB-04B782CF6DE5}.Debug|x64.ActiveCfg = Debug|x64
		{0D646D55-0126-4164-BFFB-04B782CF6DE5}.Debug|x64.Build.0 = Debug|x64
		{0D646D55-0126-4164-BFFB-04B782CF6DE5}.Debug|x86.ActiveCfg = Debug|Win32
		{0D646D55-0126-4164-BFFB-04B782CF6DE5}.Debug|x86.Build.0 = Debug|Win32
		{0D646D55-0126-4164-BFFB-04B782CF6DE5}.Release|x64.ActiveCfg = Release|x64
		{0D646D55-0126-4164-BFFB-04B782CF6DE5}.Release|x64.Build.0 = Release|x64
		{0D646D55-0126-4164-BFFB-04B782CF6DE5}.Release|x86.ActiveCfg = Release|Win32
		{0D646D55-0126-4164-BFFB-04B782CF6DE5}.Release|x86.Build.0 = Release|Win32
		{7908A3B0-CB7C-4514-98E1-0EB8E5320ACA}.Debug|x64.ActiveCfg = Debug|x64
		{7908A3B0-CB7C-4514-98E1-0EB8E5320ACA}.Debug|x64.Build.0 = Debug|x64
		{7908A3B0-CB7C-4514-98E1-0EB8E5320ACA}.Debug|x86.ActiveCfg = Debug|Win32
		{7908A3B0-CB7C-4514-98E1-0EB8E5320ACA}.Debug|x86.Build.0 = Debug|Win32
		{7908A3B0-CB7C-4514-98E1-0EB8E5320ACA}.Release|x64.ActiveCfg = Release|x64
		{7908A3B0-CB7C-4514-98E1-0EB8E5320ACA}.Release|x64.Build.0 = Release|x64
		{7908A3B0-CB7C-4514-98E1-0EB8E5320ACA}.Release|x86.ActiveCfg = Release|Win32
		{7908A3B0-CB7C-4514-98E1-0EB8E5320ACA}.Release|x86.Build.0 = Release|Win32
	EndGlobalSection
	GlobalSection(SolutionProperties) = preSolution
		HideSolutionNode = FALSE
	EndGlobalSection
	GlobalSection(ExtensibilityGlobals) = postSolution
		SolutionGuid = {F5AB947A-C9CC-44C4-8412-1AAAD55F46B0}
	EndGlobalSection
EndGlobal
